
Microsoft Visual Studio Solution File, Format Version 11.00
# Visual Studio 2010
Project("{FAE04EC0-301F-11D3-BF4B-00C04F79EFBC}") = "MauronAlpha.Input", "MauronAlpha.Input.csproj", "{7135ED8B-1992-4170-B4A1-A0086686FEBF}"
EndProject
Global
	GlobalSection(SolutionConfigurationPlatforms) = preSolution
		Debug|Any CPU = Debug|Any CPU
		Release|Any CPU = Release|Any CPU
	EndGlobalSection
	GlobalSection(ProjectConfigurationPlatforms) = postSolution
		{7135ED8B-1992-4170-B4A1-A0086686FEBF}.Debug|Any CPU.ActiveCfg = Debug|Any CPU
		{7135ED8B-1992-4170-B4A1-A0086686FEBF}.Debug|Any CPU.Build.0 = Debug|Any CPU
		{7135ED8B-1992-4170-B4A1-A0086686FEBF}.Release|Any CPU.ActiveCfg = Release|Any CPU
		{7135ED8B-1992-4170-B4A1-A0086686FEBF}.Release|Any CPU.Build.0 = Release|Any CPU
	EndGlobalSection
	GlobalSection(MonoDevelopProperties) = preSolution
		StartupItem = MauronAlpha.Input.csproj
	EndGlobalSection
EndGlobal
