
Microsoft Visual Studio Solution File, Format Version 11.00
# Visual Studio 2010
Project("{FAE04EC0-301F-11D3-BF4B-00C04F79EFBC}") = "MauronAlpha.Events", "MauronAlpha.Events.csproj", "{425A4B94-31DF-4569-B68C-EDEAF82163A7}"
EndProject
Project("{FAE04EC0-301F-11D3-BF4B-00C04F79EFBC}") = "MauronAlpha", "..\MauronAlpha\MauronAlpha.csproj", "{6A046817-9F14-4781-97C9-F89FEBC2097B}"
EndProject
Global
	GlobalSection(SolutionConfigurationPlatforms) = preSolution
		Debug|Any CPU = Debug|Any CPU
		Release|Any CPU = Release|Any CPU
		DontCompile|Any CPU = DontCompile|Any CPU
	EndGlobalSection
	GlobalSection(ProjectConfigurationPlatforms) = postSolution
		{425A4B94-31DF-4569-B68C-EDEAF82163A7}.Debug|Any CPU.ActiveCfg = Debug|Any CPU
		{425A4B94-31DF-4569-B68C-EDEAF82163A7}.Debug|Any CPU.Build.0 = Debug|Any CPU
		{425A4B94-31DF-4569-B68C-EDEAF82163A7}.DontCompile|Any CPU.ActiveCfg = Debug|Any CPU
		{425A4B94-31DF-4569-B68C-EDEAF82163A7}.DontCompile|Any CPU.Build.0 = Debug|Any CPU
		{425A4B94-31DF-4569-B68C-EDEAF82163A7}.Release|Any CPU.ActiveCfg = Release|Any CPU
		{425A4B94-31DF-4569-B68C-EDEAF82163A7}.Release|Any CPU.Build.0 = Release|Any CPU
		{6A046817-9F14-4781-97C9-F89FEBC2097B}.Debug|Any CPU.ActiveCfg = Debug|Any CPU
		{6A046817-9F14-4781-97C9-F89FEBC2097B}.Debug|Any CPU.Build.0 = Debug|Any CPU
		{6A046817-9F14-4781-97C9-F89FEBC2097B}.DontCompile|Any CPU.ActiveCfg = DontCompile|Any CPU
		{6A046817-9F14-4781-97C9-F89FEBC2097B}.DontCompile|Any CPU.Build.0 = DontCompile|Any CPU
		{6A046817-9F14-4781-97C9-F89FEBC2097B}.Release|Any CPU.ActiveCfg = Release|Any CPU
		{6A046817-9F14-4781-97C9-F89FEBC2097B}.Release|Any CPU.Build.0 = Release|Any CPU
	EndGlobalSection
	GlobalSection(MonoDevelopProperties) = preSolution
		StartupItem = MauronAlpha.Events.csproj
	EndGlobalSection
EndGlobal
