
Microsoft Visual Studio Solution File, Format Version 12.00
# Visual Studio 2012
Project("{FAE04EC0-301F-11D3-BF4B-00C04F79EFBC}") = "TestCase.Genric.Linux", "TestCase.Genric.Linux\TestCase.Genric.Linux.csproj", "{15B4F55F-695D-4E6E-AD67-CA050E6178BA}"
EndProject
Project("{FAE04EC0-301F-11D3-BF4B-00C04F79EFBC}") = "MauronAlpha", "..\MauronAlpha\MauronAlpha.csproj", "{6A046817-9F14-4781-97C9-F89FEBC2097B}"
EndProject
Global
	GlobalSection(SolutionConfigurationPlatforms) = preSolution
		Debug|x86 = Debug|x86
		Release|x86 = Release|x86
		DontCompile|Any CPU = DontCompile|Any CPU
	EndGlobalSection
	GlobalSection(ProjectConfigurationPlatforms) = postSolution
		{15B4F55F-695D-4E6E-AD67-CA050E6178BA}.Debug|x86.ActiveCfg = Debug|x86
		{15B4F55F-695D-4E6E-AD67-CA050E6178BA}.Debug|x86.Build.0 = Debug|x86
		{15B4F55F-695D-4E6E-AD67-CA050E6178BA}.DontCompile|Any CPU.ActiveCfg = Debug|x86
		{15B4F55F-695D-4E6E-AD67-CA050E6178BA}.DontCompile|Any CPU.Build.0 = Debug|x86
		{15B4F55F-695D-4E6E-AD67-CA050E6178BA}.Release|x86.ActiveCfg = Release|x86
		{15B4F55F-695D-4E6E-AD67-CA050E6178BA}.Release|x86.Build.0 = Release|x86
		{6A046817-9F14-4781-97C9-F89FEBC2097B}.Debug|x86.ActiveCfg = Debug|Any CPU
		{6A046817-9F14-4781-97C9-F89FEBC2097B}.Debug|x86.Build.0 = Debug|Any CPU
		{6A046817-9F14-4781-97C9-F89FEBC2097B}.DontCompile|Any CPU.ActiveCfg = DontCompile|Any CPU
		{6A046817-9F14-4781-97C9-F89FEBC2097B}.DontCompile|Any CPU.Build.0 = DontCompile|Any CPU
		{6A046817-9F14-4781-97C9-F89FEBC2097B}.Release|x86.ActiveCfg = Release|Any CPU
		{6A046817-9F14-4781-97C9-F89FEBC2097B}.Release|x86.Build.0 = Release|Any CPU
	EndGlobalSection
	GlobalSection(MonoDevelopProperties) = preSolution
		StartupItem = TestCase.Genric.Linux\TestCase.Genric.Linux.csproj
	EndGlobalSection
EndGlobal
