
Microsoft Visual Studio Solution File, Format Version 11.00
# Visual Studio 2010
Project("{FAE04EC0-301F-11D3-BF4B-00C04F79EFBC}") = "MauronAlpha", "..\MauronAlpha\MauronAlpha.csproj", "{6A046817-9F14-4781-97C9-F89FEBC2097B}"
EndProject
Project("{FAE04EC0-301F-11D3-BF4B-00C04F79EFBC}") = "MauronAlpha.ConsoleApp", "..\MauronAlpha.ConsoleApp\MauronAlpha.ConsoleApp.csproj", "{2EA00431-E460-4D40-8817-CC4E08B9B568}"
EndProject
Project("{FAE04EC0-301F-11D3-BF4B-00C04F79EFBC}") = "MauronAlpha.Events", "..\MauronAlpha.Events\MauronAlpha.Events.csproj", "{425A4B94-31DF-4569-B68C-EDEAF82163A7}"
EndProject
Project("{FAE04EC0-301F-11D3-BF4B-00C04F79EFBC}") = "MauronAlpha.Input", "..\MauronAlpha.Input\MauronAlpha.Input.csproj", "{7135ED8B-1992-4170-B4A1-A0086686FEBF}"
EndProject
Project("{FAE04EC0-301F-11D3-BF4B-00C04F79EFBC}") = "MauronAlpha.Text", "..\MauronAlpha.Text\MauronAlpha.Text.csproj", "{8491848C-470B-4652-AEAE-547EAA8F2AD9}"
EndProject
Project("{FAE04EC0-301F-11D3-BF4B-00C04F79EFBC}") = "MauronAlpha.ConsoleApp.Linux", "MauronAlpha.ConsoleApp.Linux.csproj", "{942A6BD6-CF18-408C-8C2E-DACC92B98273}"
EndProject
Global
	GlobalSection(SolutionConfigurationPlatforms) = preSolution
		Debug|Any CPU = Debug|Any CPU
		Debug|Mixed Platforms = Debug|Mixed Platforms
		Debug|x86 = Debug|x86
		DontCompile|Any CPU = DontCompile|Any CPU
		DontCompile|Mixed Platforms = DontCompile|Mixed Platforms
		DontCompile|x86 = DontCompile|x86
		Release|Any CPU = Release|Any CPU
		Release|Mixed Platforms = Release|Mixed Platforms
		Release|x86 = Release|x86
	EndGlobalSection
	GlobalSection(ProjectConfigurationPlatforms) = postSolution
		{2EA00431-E460-4D40-8817-CC4E08B9B568}.Debug|Any CPU.ActiveCfg = Debug|Any CPU
		{2EA00431-E460-4D40-8817-CC4E08B9B568}.Debug|Any CPU.Build.0 = Debug|Any CPU
		{2EA00431-E460-4D40-8817-CC4E08B9B568}.Debug|Mixed Platforms.ActiveCfg = Debug|Any CPU
		{2EA00431-E460-4D40-8817-CC4E08B9B568}.Debug|Mixed Platforms.Build.0 = Debug|Any CPU
		{2EA00431-E460-4D40-8817-CC4E08B9B568}.Debug|x86.ActiveCfg = Debug|Any CPU
		{2EA00431-E460-4D40-8817-CC4E08B9B568}.Debug|x86.Build.0 = Debug|Any CPU
		{2EA00431-E460-4D40-8817-CC4E08B9B568}.DontCompile|Any CPU.ActiveCfg = Debug|Any CPU
		{2EA00431-E460-4D40-8817-CC4E08B9B568}.DontCompile|Any CPU.Build.0 = Debug|Any CPU
		{2EA00431-E460-4D40-8817-CC4E08B9B568}.DontCompile|Mixed Platforms.ActiveCfg = Debug|Any CPU
		{2EA00431-E460-4D40-8817-CC4E08B9B568}.DontCompile|Mixed Platforms.Build.0 = Debug|Any CPU
		{2EA00431-E460-4D40-8817-CC4E08B9B568}.DontCompile|x86.ActiveCfg = Debug|Any CPU
		{2EA00431-E460-4D40-8817-CC4E08B9B568}.DontCompile|x86.Build.0 = Debug|Any CPU
		{2EA00431-E460-4D40-8817-CC4E08B9B568}.Release|Any CPU.ActiveCfg = Release|Any CPU
		{2EA00431-E460-4D40-8817-CC4E08B9B568}.Release|Any CPU.Build.0 = Release|Any CPU
		{2EA00431-E460-4D40-8817-CC4E08B9B568}.Release|Mixed Platforms.ActiveCfg = Release|Any CPU
		{2EA00431-E460-4D40-8817-CC4E08B9B568}.Release|Mixed Platforms.Build.0 = Release|Any CPU
		{2EA00431-E460-4D40-8817-CC4E08B9B568}.Release|x86.ActiveCfg = Release|Any CPU
		{2EA00431-E460-4D40-8817-CC4E08B9B568}.Release|x86.Build.0 = Release|Any CPU
		{425A4B94-31DF-4569-B68C-EDEAF82163A7}.Debug|Any CPU.ActiveCfg = Debug|Any CPU
		{425A4B94-31DF-4569-B68C-EDEAF82163A7}.Debug|Any CPU.Build.0 = Debug|Any CPU
		{425A4B94-31DF-4569-B68C-EDEAF82163A7}.Debug|Mixed Platforms.ActiveCfg = Debug|Any CPU
		{425A4B94-31DF-4569-B68C-EDEAF82163A7}.Debug|Mixed Platforms.Build.0 = Debug|Any CPU
		{425A4B94-31DF-4569-B68C-EDEAF82163A7}.Debug|x86.ActiveCfg = Debug|Any CPU
		{425A4B94-31DF-4569-B68C-EDEAF82163A7}.Debug|x86.Build.0 = Debug|Any CPU
		{425A4B94-31DF-4569-B68C-EDEAF82163A7}.DontCompile|Any CPU.ActiveCfg = Debug|Any CPU
		{425A4B94-31DF-4569-B68C-EDEAF82163A7}.DontCompile|Any CPU.Build.0 = Debug|Any CPU
		{425A4B94-31DF-4569-B68C-EDEAF82163A7}.DontCompile|Mixed Platforms.ActiveCfg = Debug|Any CPU
		{425A4B94-31DF-4569-B68C-EDEAF82163A7}.DontCompile|Mixed Platforms.Build.0 = Debug|Any CPU
		{425A4B94-31DF-4569-B68C-EDEAF82163A7}.DontCompile|x86.ActiveCfg = Debug|Any CPU
		{425A4B94-31DF-4569-B68C-EDEAF82163A7}.DontCompile|x86.Build.0 = Debug|Any CPU
		{425A4B94-31DF-4569-B68C-EDEAF82163A7}.Release|Any CPU.ActiveCfg = Release|Any CPU
		{425A4B94-31DF-4569-B68C-EDEAF82163A7}.Release|Any CPU.Build.0 = Release|Any CPU
		{425A4B94-31DF-4569-B68C-EDEAF82163A7}.Release|Mixed Platforms.ActiveCfg = Release|Any CPU
		{425A4B94-31DF-4569-B68C-EDEAF82163A7}.Release|Mixed Platforms.Build.0 = Release|Any CPU
		{425A4B94-31DF-4569-B68C-EDEAF82163A7}.Release|x86.ActiveCfg = Release|Any CPU
		{425A4B94-31DF-4569-B68C-EDEAF82163A7}.Release|x86.Build.0 = Release|Any CPU
		{6A046817-9F14-4781-97C9-F89FEBC2097B}.Debug|Any CPU.ActiveCfg = Debug|Any CPU
		{6A046817-9F14-4781-97C9-F89FEBC2097B}.Debug|Any CPU.Build.0 = Debug|Any CPU
		{6A046817-9F14-4781-97C9-F89FEBC2097B}.Debug|Mixed Platforms.ActiveCfg = Debug|Any CPU
		{6A046817-9F14-4781-97C9-F89FEBC2097B}.Debug|Mixed Platforms.Build.0 = Debug|Any CPU
		{6A046817-9F14-4781-97C9-F89FEBC2097B}.Debug|x86.ActiveCfg = Debug|Any CPU
		{6A046817-9F14-4781-97C9-F89FEBC2097B}.Debug|x86.Build.0 = Debug|Any CPU
		{6A046817-9F14-4781-97C9-F89FEBC2097B}.DontCompile|Any CPU.ActiveCfg = DontCompile|Any CPU
		{6A046817-9F14-4781-97C9-F89FEBC2097B}.DontCompile|Any CPU.Build.0 = DontCompile|Any CPU
		{6A046817-9F14-4781-97C9-F89FEBC2097B}.DontCompile|Mixed Platforms.ActiveCfg = DontCompile|Any CPU
		{6A046817-9F14-4781-97C9-F89FEBC2097B}.DontCompile|Mixed Platforms.Build.0 = DontCompile|Any CPU
		{6A046817-9F14-4781-97C9-F89FEBC2097B}.DontCompile|x86.ActiveCfg = DontCompile|Any CPU
		{6A046817-9F14-4781-97C9-F89FEBC2097B}.DontCompile|x86.Build.0 = DontCompile|Any CPU
		{6A046817-9F14-4781-97C9-F89FEBC2097B}.Release|Any CPU.ActiveCfg = Release|Any CPU
		{6A046817-9F14-4781-97C9-F89FEBC2097B}.Release|Any CPU.Build.0 = Release|Any CPU
		{6A046817-9F14-4781-97C9-F89FEBC2097B}.Release|Mixed Platforms.ActiveCfg = Release|Any CPU
		{6A046817-9F14-4781-97C9-F89FEBC2097B}.Release|Mixed Platforms.Build.0 = Release|Any CPU
		{6A046817-9F14-4781-97C9-F89FEBC2097B}.Release|x86.ActiveCfg = Release|Any CPU
		{6A046817-9F14-4781-97C9-F89FEBC2097B}.Release|x86.Build.0 = Release|Any CPU
		{7135ED8B-1992-4170-B4A1-A0086686FEBF}.Debug|Any CPU.ActiveCfg = Debug|Any CPU
		{7135ED8B-1992-4170-B4A1-A0086686FEBF}.Debug|Any CPU.Build.0 = Debug|Any CPU
		{7135ED8B-1992-4170-B4A1-A0086686FEBF}.Debug|Mixed Platforms.ActiveCfg = Debug|Any CPU
		{7135ED8B-1992-4170-B4A1-A0086686FEBF}.Debug|Mixed Platforms.Build.0 = Debug|Any CPU
		{7135ED8B-1992-4170-B4A1-A0086686FEBF}.Debug|x86.ActiveCfg = Debug|Any CPU
		{7135ED8B-1992-4170-B4A1-A0086686FEBF}.Debug|x86.Build.0 = Debug|Any CPU
		{7135ED8B-1992-4170-B4A1-A0086686FEBF}.DontCompile|Any CPU.ActiveCfg = Debug|Any CPU
		{7135ED8B-1992-4170-B4A1-A0086686FEBF}.DontCompile|Any CPU.Build.0 = Debug|Any CPU
		{7135ED8B-1992-4170-B4A1-A0086686FEBF}.DontCompile|Mixed Platforms.ActiveCfg = Debug|Any CPU
		{7135ED8B-1992-4170-B4A1-A0086686FEBF}.DontCompile|Mixed Platforms.Build.0 = Debug|Any CPU
		{7135ED8B-1992-4170-B4A1-A0086686FEBF}.DontCompile|x86.ActiveCfg = Debug|Any CPU
		{7135ED8B-1992-4170-B4A1-A0086686FEBF}.DontCompile|x86.Build.0 = Debug|Any CPU
		{7135ED8B-1992-4170-B4A1-A0086686FEBF}.Release|Any CPU.ActiveCfg = Release|Any CPU
		{7135ED8B-1992-4170-B4A1-A0086686FEBF}.Release|Any CPU.Build.0 = Release|Any CPU
		{7135ED8B-1992-4170-B4A1-A0086686FEBF}.Release|Mixed Platforms.ActiveCfg = Release|Any CPU
		{7135ED8B-1992-4170-B4A1-A0086686FEBF}.Release|Mixed Platforms.Build.0 = Release|Any CPU
		{7135ED8B-1992-4170-B4A1-A0086686FEBF}.Release|x86.ActiveCfg = Release|Any CPU
		{7135ED8B-1992-4170-B4A1-A0086686FEBF}.Release|x86.Build.0 = Release|Any CPU
		{8491848C-470B-4652-AEAE-547EAA8F2AD9}.Debug|Any CPU.ActiveCfg = Debug|Any CPU
		{8491848C-470B-4652-AEAE-547EAA8F2AD9}.Debug|Any CPU.Build.0 = Debug|Any CPU
		{8491848C-470B-4652-AEAE-547EAA8F2AD9}.Debug|Mixed Platforms.ActiveCfg = Debug|Any CPU
		{8491848C-470B-4652-AEAE-547EAA8F2AD9}.Debug|Mixed Platforms.Build.0 = Debug|Any CPU
		{8491848C-470B-4652-AEAE-547EAA8F2AD9}.Debug|x86.ActiveCfg = Debug|Any CPU
		{8491848C-470B-4652-AEAE-547EAA8F2AD9}.Debug|x86.Build.0 = Debug|Any CPU
		{8491848C-470B-4652-AEAE-547EAA8F2AD9}.DontCompile|Any CPU.ActiveCfg = Debug|Any CPU
		{8491848C-470B-4652-AEAE-547EAA8F2AD9}.DontCompile|Any CPU.Build.0 = Debug|Any CPU
		{8491848C-470B-4652-AEAE-547EAA8F2AD9}.DontCompile|Mixed Platforms.ActiveCfg = Debug|Any CPU
		{8491848C-470B-4652-AEAE-547EAA8F2AD9}.DontCompile|Mixed Platforms.Build.0 = Debug|Any CPU
		{8491848C-470B-4652-AEAE-547EAA8F2AD9}.DontCompile|x86.ActiveCfg = Debug|Any CPU
		{8491848C-470B-4652-AEAE-547EAA8F2AD9}.DontCompile|x86.Build.0 = Debug|Any CPU
		{8491848C-470B-4652-AEAE-547EAA8F2AD9}.Release|Any CPU.ActiveCfg = Release|Any CPU
		{8491848C-470B-4652-AEAE-547EAA8F2AD9}.Release|Any CPU.Build.0 = Release|Any CPU
		{8491848C-470B-4652-AEAE-547EAA8F2AD9}.Release|Mixed Platforms.ActiveCfg = Release|Any CPU
		{8491848C-470B-4652-AEAE-547EAA8F2AD9}.Release|Mixed Platforms.Build.0 = Release|Any CPU
		{8491848C-470B-4652-AEAE-547EAA8F2AD9}.Release|x86.ActiveCfg = Release|Any CPU
		{8491848C-470B-4652-AEAE-547EAA8F2AD9}.Release|x86.Build.0 = Release|Any CPU
		{942A6BD6-CF18-408C-8C2E-DACC92B98273}.Debug|Any CPU.ActiveCfg = Debug|x86
		{942A6BD6-CF18-408C-8C2E-DACC92B98273}.Debug|Any CPU.Build.0 = Debug|x86
		{942A6BD6-CF18-408C-8C2E-DACC92B98273}.Debug|Mixed Platforms.ActiveCfg = Debug|x86
		{942A6BD6-CF18-408C-8C2E-DACC92B98273}.Debug|Mixed Platforms.Build.0 = Debug|x86
		{942A6BD6-CF18-408C-8C2E-DACC92B98273}.Debug|x86.ActiveCfg = Debug|x86
		{942A6BD6-CF18-408C-8C2E-DACC92B98273}.Debug|x86.Build.0 = Debug|x86
		{942A6BD6-CF18-408C-8C2E-DACC92B98273}.DontCompile|Any CPU.ActiveCfg = Debug|x86
		{942A6BD6-CF18-408C-8C2E-DACC92B98273}.DontCompile|Any CPU.Build.0 = Debug|x86
		{942A6BD6-CF18-408C-8C2E-DACC92B98273}.DontCompile|Mixed Platforms.ActiveCfg = Debug|x86
		{942A6BD6-CF18-408C-8C2E-DACC92B98273}.DontCompile|Mixed Platforms.Build.0 = Debug|x86
		{942A6BD6-CF18-408C-8C2E-DACC92B98273}.DontCompile|x86.ActiveCfg = Debug|x86
		{942A6BD6-CF18-408C-8C2E-DACC92B98273}.DontCompile|x86.Build.0 = Debug|x86
		{942A6BD6-CF18-408C-8C2E-DACC92B98273}.Release|Any CPU.ActiveCfg = Release|x86
		{942A6BD6-CF18-408C-8C2E-DACC92B98273}.Release|Any CPU.Build.0 = Release|x86
		{942A6BD6-CF18-408C-8C2E-DACC92B98273}.Release|Mixed Platforms.ActiveCfg = Release|x86
		{942A6BD6-CF18-408C-8C2E-DACC92B98273}.Release|Mixed Platforms.Build.0 = Release|x86
		{942A6BD6-CF18-408C-8C2E-DACC92B98273}.Release|x86.ActiveCfg = Release|x86
		{942A6BD6-CF18-408C-8C2E-DACC92B98273}.Release|x86.Build.0 = Release|x86
	EndGlobalSection
	GlobalSection(MonoDevelopProperties) = preSolution
		StartupItem = MauronAlpha.ConsoleApp.Linux.csproj
		Policies = $0
		$0.DotNetNamingPolicy = $1
		$1.DirectoryNamespaceAssociation = None
		$1.ResourceNamePolicy = FileFormatDefault
		$0.TextStylePolicy = $2
		$2.inheritsSet = null
		$2.scope = application/config+xml
		$0.XmlFormattingPolicy = $3
		$3.inheritsSet = null
		$3.scope = application/config+xml
		$0.TextStylePolicy = $4
		$4.inheritsSet = null
		$4.scope = application/xml
		$0.XmlFormattingPolicy = $5
		$5.inheritsSet = Mono
		$5.inheritsScope = application/xml
		$5.scope = application/xml
		$0.TextStylePolicy = $6
		$6.FileWidth = 120
		$6.TabsToSpaces = False
		$6.inheritsSet = VisualStudio
		$6.inheritsScope = text/plain
		$6.scope = text/plain
		$0.TextStylePolicy = $7
		$7.inheritsSet = null
		$7.scope = text/x-csharp
		$0.CSharpFormattingPolicy = $8
		$8.AfterDelegateDeclarationParameterComma = True
		$8.inheritsSet = Mono
		$8.inheritsScope = text/x-csharp
		$8.scope = text/x-csharp
		$0.StandardHeader = $9
		$9.Text = 
		$9.IncludeInNewFiles = True
		$0.NameConventionPolicy = $10
		$10.Rules = $11
		$11.NamingRule = $12
		$12.Name = Namespaces
		$12.AffectedEntity = Namespace
		$12.VisibilityMask = VisibilityMask
		$12.NamingStyle = PascalCase
		$12.IncludeInstanceMembers = True
		$12.IncludeStaticEntities = True
		$11.NamingRule = $13
		$13.Name = Types
		$13.AffectedEntity = Class, Struct, Enum, Delegate
		$13.VisibilityMask = Public
		$13.NamingStyle = PascalCase
		$13.IncludeInstanceMembers = True
		$13.IncludeStaticEntities = True
		$11.NamingRule = $14
		$14.Name = Interfaces
		$14.RequiredPrefixes = $15
		$15.String = I
		$14.AffectedEntity = Interface
		$14.VisibilityMask = Public
		$14.NamingStyle = PascalCase
		$14.IncludeInstanceMembers = True
		$14.IncludeStaticEntities = True
		$11.NamingRule = $16
		$16.Name = Attributes
		$16.RequiredSuffixes = $17
		$17.String = Attribute
		$16.AffectedEntity = CustomAttributes
		$16.VisibilityMask = Public
		$16.NamingStyle = PascalCase
		$16.IncludeInstanceMembers = True
		$16.IncludeStaticEntities = True
		$11.NamingRule = $18
		$18.Name = Event Arguments
		$18.RequiredSuffixes = $19
		$19.String = EventArgs
		$18.AffectedEntity = CustomEventArgs
		$18.VisibilityMask = Public
		$18.NamingStyle = PascalCase
		$18.IncludeInstanceMembers = True
		$18.IncludeStaticEntities = True
		$11.NamingRule = $20
		$20.Name = Exceptions
		$20.RequiredSuffixes = $21
		$21.String = Exception
		$20.AffectedEntity = CustomExceptions
		$20.VisibilityMask = VisibilityMask
		$20.NamingStyle = PascalCase
		$20.IncludeInstanceMembers = True
		$20.IncludeStaticEntities = True
		$11.NamingRule = $22
		$22.Name = Methods
		$22.AffectedEntity = Methods
		$22.VisibilityMask = Protected, Public
		$22.NamingStyle = PascalCase
		$22.IncludeInstanceMembers = True
		$22.IncludeStaticEntities = True
		$11.NamingRule = $23
		$23.Name = Static Readonly Fields
		$23.AffectedEntity = ReadonlyField
		$23.VisibilityMask = Protected, Public
		$23.NamingStyle = PascalCase
		$23.IncludeInstanceMembers = False
		$23.IncludeStaticEntities = True
		$11.NamingRule = $24
		$24.Name = Fields
		$24.AffectedEntity = Field
		$24.VisibilityMask = Protected, Public
		$24.NamingStyle = PascalCase
		$24.IncludeInstanceMembers = True
		$24.IncludeStaticEntities = True
		$11.NamingRule = $25
		$25.Name = ReadOnly Fields
		$25.AffectedEntity = ReadonlyField
		$25.VisibilityMask = Protected, Public
		$25.NamingStyle = PascalCase
		$25.IncludeInstanceMembers = True
		$25.IncludeStaticEntities = False
		$11.NamingRule = $26
		$26.Name = Constant Fields
		$26.AffectedEntity = ConstantField
		$26.VisibilityMask = Protected, Public
		$26.NamingStyle = PascalCase
		$26.IncludeInstanceMembers = True
		$26.IncludeStaticEntities = True
		$11.NamingRule = $27
		$27.Name = Properties
		$27.AffectedEntity = Property
		$27.VisibilityMask = Protected, Public
		$27.NamingStyle = PascalCase
		$27.IncludeInstanceMembers = True
		$27.IncludeStaticEntities = True
		$11.NamingRule = $28
		$28.Name = Events
		$28.AffectedEntity = Event
		$28.VisibilityMask = Protected, Public
		$28.NamingStyle = PascalCase
		$28.IncludeInstanceMembers = True
		$28.IncludeStaticEntities = True
		$11.NamingRule = $29
		$29.Name = Enum Members
		$29.AffectedEntity = EnumMember
		$29.VisibilityMask = VisibilityMask
		$29.NamingStyle = PascalCase
		$29.IncludeInstanceMembers = True
		$29.IncludeStaticEntities = True
		$11.NamingRule = $30
		$30.Name = Parameters
		$30.AffectedEntity = Parameter
		$30.VisibilityMask = VisibilityMask
		$30.NamingStyle = CamelCase
		$30.IncludeInstanceMembers = True
		$30.IncludeStaticEntities = True
		$11.NamingRule = $31
		$31.Name = Type Parameters
		$31.RequiredPrefixes = $32
		$32.String = T
		$31.AffectedEntity = TypeParameter
		$31.VisibilityMask = VisibilityMask
		$31.NamingStyle = PascalCase
		$31.IncludeInstanceMembers = True
		$31.IncludeStaticEntities = True
	EndGlobalSection
	GlobalSection(SolutionProperties) = preSolution
		HideSolutionNode = FALSE
	EndGlobalSection
EndGlobal
