
Microsoft Visual Studio Solution File, Format Version 12.00
# Visual Studio 2013
VisualStudioVersion = 12.0.31101.0
MinimumVisualStudioVersion = 10.0.40219.1
Project("{FAE04EC0-301F-11D3-BF4B-00C04F79EFBC}") = "MauronAlpha.TestCases.Console", "MauronAlpha.TestCases.Console.csproj", "{2B14E6AB-FF3B-42C8-B6F9-5C2A6A35F266}"
EndProject
Project("{FAE04EC0-301F-11D3-BF4B-00C04F79EFBC}") = "MauronAlpha.Input", "..\MauronAlpha.Input\MauronAlpha.Input.csproj", "{7135ED8B-1992-4170-B4A1-A0086686FEBF}"
EndProject
Project("{FAE04EC0-301F-11D3-BF4B-00C04F79EFBC}") = "MauronAlpha", "..\MauronAlpha\MauronAlpha.csproj", "{6A046817-9F14-4781-97C9-F89FEBC2097B}"
EndProject
Project("{FAE04EC0-301F-11D3-BF4B-00C04F79EFBC}") = "MauronAlpha.Events", "..\MauronAlpha.Events\MauronAlpha.Events.csproj", "{425A4B94-31DF-4569-B68C-EDEAF82163A7}"
EndProject
Project("{FAE04EC0-301F-11D3-BF4B-00C04F79EFBC}") = "MauronAlpha.Forms", "..\MauronAlpha.Forms\MauronAlpha.Forms.csproj", "{528992A7-2184-4F0F-85BD-D8ECD1414DB9}"
EndProject
Project("{FAE04EC0-301F-11D3-BF4B-00C04F79EFBC}") = "MauronAlpha.Layout", "..\MauronAlpha.Layout\MauronAlpha.Layout.csproj", "{507B82BF-B5CA-44C5-8520-8984D79685AB}"
EndProject
Project("{FAE04EC0-301F-11D3-BF4B-00C04F79EFBC}") = "MauronAlpha.Geometry", "..\MauronAlpha.Geometry\MauronAlpha.Geometry.csproj", "{39D005F7-F334-470D-A660-A2A7DA65C456}"
EndProject
Project("{FAE04EC0-301F-11D3-BF4B-00C04F79EFBC}") = "MauronAlpha.TextProcessing", "..\MauronAlpha.TextProcessing\MauronAlpha.TextProcessing.csproj", "{DBDEF41C-B0C4-44CA-8297-6F9C85F6231A}"
EndProject
Project("{2150E333-8FDC-42A3-9474-1A3956D46DE8}") = "Core", "Core", "{7C588999-889F-47C6-BCEC-EF5EFE06AE42}"
EndProject
Project("{2150E333-8FDC-42A3-9474-1A3956D46DE8}") = "Interaction", "Interaction", "{769E73D8-B120-42F0-8093-EC1B5E61A45C}"
EndProject
Project("{2150E333-8FDC-42A3-9474-1A3956D46DE8}") = "Runtime", "Runtime", "{9AAE5E5A-5B6C-4A10-BE8C-3BAD75051B25}"
EndProject
Project("{2150E333-8FDC-42A3-9474-1A3956D46DE8}") = "MonoGame", "MonoGame", "{5DA7A547-23B9-4764-A557-716FCA3DBC76}"
EndProject
Project("{FAE04EC0-301F-11D3-BF4B-00C04F79EFBC}") = "MauronAlpha.MonoGame.HexGrid", "..\MauronAlpha.MonoGame.HexGrid\MauronAlpha.MonoGame.HexGrid.csproj", "{7C2C5007-5B96-41E4-8FA0-F709BBBB96F6}"
EndProject
Project("{FAE04EC0-301F-11D3-BF4B-00C04F79EFBC}") = "MauronAlpha.Console", "..\MauronAlpha.Console\MauronAlpha.Console.csproj", "{F3EA0810-D9BA-44B8-A8E7-45F7D9970678}"
EndProject
Project("{FAE04EC0-301F-11D3-BF4B-00C04F79EFBC}") = "MauronAlpha.MonoGame.SpaceGame", "..\MauronAlpha.MonoGame.SpaceGame\MauronAlpha.MonoGame.SpaceGame.csproj", "{1E54EF79-BE13-4B23-B0CC-890211933B80}"
EndProject
Project("{FAE04EC0-301F-11D3-BF4B-00C04F79EFBC}") = "MauronAlpha.FileSystem", "..\MauronAlpha.FileSystem\MauronAlpha.FileSystem.csproj", "{87DAA81E-0342-4969-B99F-FBB60914B1A5}"
EndProject
Project("{FAE04EC0-301F-11D3-BF4B-00C04F79EFBC}") = "MauronAlpha.MonoGame.UI", "..\MauronAlpha.MonoGame.UI\MauronAlpha.MonoGame.UI.csproj", "{38D203A1-3125-43FF-A8A8-53442FEC2804}"
EndProject
Global
	GlobalSection(SolutionConfigurationPlatforms) = preSolution
		Debug|Any CPU = Debug|Any CPU
		Debug|Mixed Platforms = Debug|Mixed Platforms
		Debug|x86 = Debug|x86
		DontCompile|Any CPU = DontCompile|Any CPU
		DontCompile|Mixed Platforms = DontCompile|Mixed Platforms
		DontCompile|x86 = DontCompile|x86
		MonoGame|Any CPU = MonoGame|Any CPU
		MonoGame|Mixed Platforms = MonoGame|Mixed Platforms
		MonoGame|x86 = MonoGame|x86
		Release|Any CPU = Release|Any CPU
		Release|Mixed Platforms = Release|Mixed Platforms
		Release|x86 = Release|x86
	EndGlobalSection
	GlobalSection(ProjectConfigurationPlatforms) = postSolution
		{2B14E6AB-FF3B-42C8-B6F9-5C2A6A35F266}.Debug|Any CPU.ActiveCfg = Debug|Any CPU
		{2B14E6AB-FF3B-42C8-B6F9-5C2A6A35F266}.Debug|Any CPU.Build.0 = Debug|Any CPU
		{2B14E6AB-FF3B-42C8-B6F9-5C2A6A35F266}.Debug|Mixed Platforms.ActiveCfg = Debug|Any CPU
		{2B14E6AB-FF3B-42C8-B6F9-5C2A6A35F266}.Debug|Mixed Platforms.Build.0 = Debug|Any CPU
		{2B14E6AB-FF3B-42C8-B6F9-5C2A6A35F266}.Debug|x86.ActiveCfg = Debug|Any CPU
		{2B14E6AB-FF3B-42C8-B6F9-5C2A6A35F266}.DontCompile|Any CPU.ActiveCfg = Debug|Any CPU
		{2B14E6AB-FF3B-42C8-B6F9-5C2A6A35F266}.DontCompile|Any CPU.Build.0 = Debug|Any CPU
		{2B14E6AB-FF3B-42C8-B6F9-5C2A6A35F266}.DontCompile|Mixed Platforms.ActiveCfg = Debug|Any CPU
		{2B14E6AB-FF3B-42C8-B6F9-5C2A6A35F266}.DontCompile|Mixed Platforms.Build.0 = Debug|Any CPU
		{2B14E6AB-FF3B-42C8-B6F9-5C2A6A35F266}.DontCompile|x86.ActiveCfg = Debug|Any CPU
		{2B14E6AB-FF3B-42C8-B6F9-5C2A6A35F266}.MonoGame|Any CPU.ActiveCfg = MonoGame|Any CPU
		{2B14E6AB-FF3B-42C8-B6F9-5C2A6A35F266}.MonoGame|Mixed Platforms.ActiveCfg = MonoGame|Any CPU
		{2B14E6AB-FF3B-42C8-B6F9-5C2A6A35F266}.MonoGame|Mixed Platforms.Build.0 = MonoGame|Any CPU
		{2B14E6AB-FF3B-42C8-B6F9-5C2A6A35F266}.MonoGame|x86.ActiveCfg = MonoGame|Any CPU
		{2B14E6AB-FF3B-42C8-B6F9-5C2A6A35F266}.Release|Any CPU.ActiveCfg = Release|Any CPU
		{2B14E6AB-FF3B-42C8-B6F9-5C2A6A35F266}.Release|Any CPU.Build.0 = Release|Any CPU
		{2B14E6AB-FF3B-42C8-B6F9-5C2A6A35F266}.Release|Mixed Platforms.ActiveCfg = Release|Any CPU
		{2B14E6AB-FF3B-42C8-B6F9-5C2A6A35F266}.Release|Mixed Platforms.Build.0 = Release|Any CPU
		{2B14E6AB-FF3B-42C8-B6F9-5C2A6A35F266}.Release|x86.ActiveCfg = Release|Any CPU
		{7135ED8B-1992-4170-B4A1-A0086686FEBF}.Debug|Any CPU.ActiveCfg = Debug|Any CPU
		{7135ED8B-1992-4170-B4A1-A0086686FEBF}.Debug|Any CPU.Build.0 = Debug|Any CPU
		{7135ED8B-1992-4170-B4A1-A0086686FEBF}.Debug|Mixed Platforms.ActiveCfg = Debug|Any CPU
		{7135ED8B-1992-4170-B4A1-A0086686FEBF}.Debug|Mixed Platforms.Build.0 = Debug|Any CPU
		{7135ED8B-1992-4170-B4A1-A0086686FEBF}.Debug|x86.ActiveCfg = Debug|Any CPU
		{7135ED8B-1992-4170-B4A1-A0086686FEBF}.DontCompile|Any CPU.ActiveCfg = Debug|Any CPU
		{7135ED8B-1992-4170-B4A1-A0086686FEBF}.DontCompile|Any CPU.Build.0 = Debug|Any CPU
		{7135ED8B-1992-4170-B4A1-A0086686FEBF}.DontCompile|Mixed Platforms.ActiveCfg = Debug|Any CPU
		{7135ED8B-1992-4170-B4A1-A0086686FEBF}.DontCompile|Mixed Platforms.Build.0 = Debug|Any CPU
		{7135ED8B-1992-4170-B4A1-A0086686FEBF}.DontCompile|x86.ActiveCfg = Debug|Any CPU
		{7135ED8B-1992-4170-B4A1-A0086686FEBF}.MonoGame|Any CPU.ActiveCfg = MonoGame|Any CPU
		{7135ED8B-1992-4170-B4A1-A0086686FEBF}.MonoGame|Mixed Platforms.ActiveCfg = MonoGame|Any CPU
		{7135ED8B-1992-4170-B4A1-A0086686FEBF}.MonoGame|Mixed Platforms.Build.0 = MonoGame|Any CPU
		{7135ED8B-1992-4170-B4A1-A0086686FEBF}.MonoGame|x86.ActiveCfg = MonoGame|Any CPU
		{7135ED8B-1992-4170-B4A1-A0086686FEBF}.Release|Any CPU.ActiveCfg = Release|Any CPU
		{7135ED8B-1992-4170-B4A1-A0086686FEBF}.Release|Any CPU.Build.0 = Release|Any CPU
		{7135ED8B-1992-4170-B4A1-A0086686FEBF}.Release|Mixed Platforms.ActiveCfg = Release|Any CPU
		{7135ED8B-1992-4170-B4A1-A0086686FEBF}.Release|Mixed Platforms.Build.0 = Release|Any CPU
		{7135ED8B-1992-4170-B4A1-A0086686FEBF}.Release|x86.ActiveCfg = Release|Any CPU
		{6A046817-9F14-4781-97C9-F89FEBC2097B}.Debug|Any CPU.ActiveCfg = Debug|Any CPU
		{6A046817-9F14-4781-97C9-F89FEBC2097B}.Debug|Any CPU.Build.0 = Debug|Any CPU
		{6A046817-9F14-4781-97C9-F89FEBC2097B}.Debug|Mixed Platforms.ActiveCfg = Debug|Any CPU
		{6A046817-9F14-4781-97C9-F89FEBC2097B}.Debug|Mixed Platforms.Build.0 = Debug|Any CPU
		{6A046817-9F14-4781-97C9-F89FEBC2097B}.Debug|x86.ActiveCfg = Debug|Any CPU
		{6A046817-9F14-4781-97C9-F89FEBC2097B}.DontCompile|Any CPU.ActiveCfg = DontCompile|Any CPU
		{6A046817-9F14-4781-97C9-F89FEBC2097B}.DontCompile|Any CPU.Build.0 = DontCompile|Any CPU
		{6A046817-9F14-4781-97C9-F89FEBC2097B}.DontCompile|Mixed Platforms.ActiveCfg = DontCompile|Any CPU
		{6A046817-9F14-4781-97C9-F89FEBC2097B}.DontCompile|Mixed Platforms.Build.0 = DontCompile|Any CPU
		{6A046817-9F14-4781-97C9-F89FEBC2097B}.DontCompile|x86.ActiveCfg = DontCompile|Any CPU
		{6A046817-9F14-4781-97C9-F89FEBC2097B}.MonoGame|Any CPU.ActiveCfg = MonoGame|Any CPU
		{6A046817-9F14-4781-97C9-F89FEBC2097B}.MonoGame|Any CPU.Build.0 = MonoGame|Any CPU
		{6A046817-9F14-4781-97C9-F89FEBC2097B}.MonoGame|Mixed Platforms.ActiveCfg = MonoGame|Any CPU
		{6A046817-9F14-4781-97C9-F89FEBC2097B}.MonoGame|Mixed Platforms.Build.0 = MonoGame|Any CPU
		{6A046817-9F14-4781-97C9-F89FEBC2097B}.MonoGame|x86.ActiveCfg = MonoGame|Any CPU
		{6A046817-9F14-4781-97C9-F89FEBC2097B}.Release|Any CPU.ActiveCfg = Release|Any CPU
		{6A046817-9F14-4781-97C9-F89FEBC2097B}.Release|Any CPU.Build.0 = Release|Any CPU
		{6A046817-9F14-4781-97C9-F89FEBC2097B}.Release|Mixed Platforms.ActiveCfg = Release|Any CPU
		{6A046817-9F14-4781-97C9-F89FEBC2097B}.Release|Mixed Platforms.Build.0 = Release|Any CPU
		{6A046817-9F14-4781-97C9-F89FEBC2097B}.Release|x86.ActiveCfg = Release|Any CPU
		{425A4B94-31DF-4569-B68C-EDEAF82163A7}.Debug|Any CPU.ActiveCfg = Debug|Any CPU
		{425A4B94-31DF-4569-B68C-EDEAF82163A7}.Debug|Any CPU.Build.0 = Debug|Any CPU
		{425A4B94-31DF-4569-B68C-EDEAF82163A7}.Debug|Mixed Platforms.ActiveCfg = Debug|Any CPU
		{425A4B94-31DF-4569-B68C-EDEAF82163A7}.Debug|Mixed Platforms.Build.0 = Debug|Any CPU
		{425A4B94-31DF-4569-B68C-EDEAF82163A7}.Debug|x86.ActiveCfg = Debug|Any CPU
		{425A4B94-31DF-4569-B68C-EDEAF82163A7}.DontCompile|Any CPU.ActiveCfg = Debug|Any CPU
		{425A4B94-31DF-4569-B68C-EDEAF82163A7}.DontCompile|Any CPU.Build.0 = Debug|Any CPU
		{425A4B94-31DF-4569-B68C-EDEAF82163A7}.DontCompile|Mixed Platforms.ActiveCfg = Debug|Any CPU
		{425A4B94-31DF-4569-B68C-EDEAF82163A7}.DontCompile|Mixed Platforms.Build.0 = Debug|Any CPU
		{425A4B94-31DF-4569-B68C-EDEAF82163A7}.DontCompile|x86.ActiveCfg = Debug|Any CPU
		{425A4B94-31DF-4569-B68C-EDEAF82163A7}.MonoGame|Any CPU.ActiveCfg = MonoGame|Any CPU
		{425A4B94-31DF-4569-B68C-EDEAF82163A7}.MonoGame|Mixed Platforms.ActiveCfg = MonoGame|Any CPU
		{425A4B94-31DF-4569-B68C-EDEAF82163A7}.MonoGame|Mixed Platforms.Build.0 = MonoGame|Any CPU
		{425A4B94-31DF-4569-B68C-EDEAF82163A7}.MonoGame|x86.ActiveCfg = MonoGame|Any CPU
		{425A4B94-31DF-4569-B68C-EDEAF82163A7}.Release|Any CPU.ActiveCfg = Release|Any CPU
		{425A4B94-31DF-4569-B68C-EDEAF82163A7}.Release|Any CPU.Build.0 = Release|Any CPU
		{425A4B94-31DF-4569-B68C-EDEAF82163A7}.Release|Mixed Platforms.ActiveCfg = Release|Any CPU
		{425A4B94-31DF-4569-B68C-EDEAF82163A7}.Release|Mixed Platforms.Build.0 = Release|Any CPU
		{425A4B94-31DF-4569-B68C-EDEAF82163A7}.Release|x86.ActiveCfg = Release|Any CPU
		{528992A7-2184-4F0F-85BD-D8ECD1414DB9}.Debug|Any CPU.ActiveCfg = Debug|Any CPU
		{528992A7-2184-4F0F-85BD-D8ECD1414DB9}.Debug|Any CPU.Build.0 = Debug|Any CPU
		{528992A7-2184-4F0F-85BD-D8ECD1414DB9}.Debug|Mixed Platforms.ActiveCfg = Debug|Any CPU
		{528992A7-2184-4F0F-85BD-D8ECD1414DB9}.Debug|Mixed Platforms.Build.0 = Debug|Any CPU
		{528992A7-2184-4F0F-85BD-D8ECD1414DB9}.Debug|x86.ActiveCfg = Debug|Any CPU
		{528992A7-2184-4F0F-85BD-D8ECD1414DB9}.DontCompile|Any CPU.ActiveCfg = Debug|Any CPU
		{528992A7-2184-4F0F-85BD-D8ECD1414DB9}.DontCompile|Any CPU.Build.0 = Debug|Any CPU
		{528992A7-2184-4F0F-85BD-D8ECD1414DB9}.DontCompile|Mixed Platforms.ActiveCfg = Debug|Any CPU
		{528992A7-2184-4F0F-85BD-D8ECD1414DB9}.DontCompile|Mixed Platforms.Build.0 = Debug|Any CPU
		{528992A7-2184-4F0F-85BD-D8ECD1414DB9}.DontCompile|x86.ActiveCfg = Debug|Any CPU
		{528992A7-2184-4F0F-85BD-D8ECD1414DB9}.MonoGame|Any CPU.ActiveCfg = MonoGame|Any CPU
		{528992A7-2184-4F0F-85BD-D8ECD1414DB9}.MonoGame|Mixed Platforms.ActiveCfg = MonoGame|Any CPU
		{528992A7-2184-4F0F-85BD-D8ECD1414DB9}.MonoGame|Mixed Platforms.Build.0 = MonoGame|Any CPU
		{528992A7-2184-4F0F-85BD-D8ECD1414DB9}.MonoGame|x86.ActiveCfg = MonoGame|Any CPU
		{528992A7-2184-4F0F-85BD-D8ECD1414DB9}.Release|Any CPU.ActiveCfg = Release|Any CPU
		{528992A7-2184-4F0F-85BD-D8ECD1414DB9}.Release|Any CPU.Build.0 = Release|Any CPU
		{528992A7-2184-4F0F-85BD-D8ECD1414DB9}.Release|Mixed Platforms.ActiveCfg = Release|Any CPU
		{528992A7-2184-4F0F-85BD-D8ECD1414DB9}.Release|Mixed Platforms.Build.0 = Release|Any CPU
		{528992A7-2184-4F0F-85BD-D8ECD1414DB9}.Release|x86.ActiveCfg = Release|Any CPU
		{507B82BF-B5CA-44C5-8520-8984D79685AB}.Debug|Any CPU.ActiveCfg = Debug|Any CPU
		{507B82BF-B5CA-44C5-8520-8984D79685AB}.Debug|Any CPU.Build.0 = Debug|Any CPU
		{507B82BF-B5CA-44C5-8520-8984D79685AB}.Debug|Mixed Platforms.ActiveCfg = Debug|Any CPU
		{507B82BF-B5CA-44C5-8520-8984D79685AB}.Debug|Mixed Platforms.Build.0 = Debug|Any CPU
		{507B82BF-B5CA-44C5-8520-8984D79685AB}.Debug|x86.ActiveCfg = Debug|Any CPU
		{507B82BF-B5CA-44C5-8520-8984D79685AB}.DontCompile|Any CPU.ActiveCfg = Debug|Any CPU
		{507B82BF-B5CA-44C5-8520-8984D79685AB}.DontCompile|Any CPU.Build.0 = Debug|Any CPU
		{507B82BF-B5CA-44C5-8520-8984D79685AB}.DontCompile|Mixed Platforms.ActiveCfg = Debug|Any CPU
		{507B82BF-B5CA-44C5-8520-8984D79685AB}.DontCompile|Mixed Platforms.Build.0 = Debug|Any CPU
		{507B82BF-B5CA-44C5-8520-8984D79685AB}.DontCompile|x86.ActiveCfg = Debug|Any CPU
		{507B82BF-B5CA-44C5-8520-8984D79685AB}.MonoGame|Any CPU.ActiveCfg = MonoGame|Any CPU
		{507B82BF-B5CA-44C5-8520-8984D79685AB}.MonoGame|Mixed Platforms.ActiveCfg = MonoGame|Any CPU
		{507B82BF-B5CA-44C5-8520-8984D79685AB}.MonoGame|Mixed Platforms.Build.0 = MonoGame|Any CPU
		{507B82BF-B5CA-44C5-8520-8984D79685AB}.MonoGame|x86.ActiveCfg = MonoGame|Any CPU
		{507B82BF-B5CA-44C5-8520-8984D79685AB}.Release|Any CPU.ActiveCfg = Release|Any CPU
		{507B82BF-B5CA-44C5-8520-8984D79685AB}.Release|Any CPU.Build.0 = Release|Any CPU
		{507B82BF-B5CA-44C5-8520-8984D79685AB}.Release|Mixed Platforms.ActiveCfg = Release|Any CPU
		{507B82BF-B5CA-44C5-8520-8984D79685AB}.Release|Mixed Platforms.Build.0 = Release|Any CPU
		{507B82BF-B5CA-44C5-8520-8984D79685AB}.Release|x86.ActiveCfg = Release|Any CPU
		{39D005F7-F334-470D-A660-A2A7DA65C456}.Debug|Any CPU.ActiveCfg = Debug|Any CPU
		{39D005F7-F334-470D-A660-A2A7DA65C456}.Debug|Any CPU.Build.0 = Debug|Any CPU
		{39D005F7-F334-470D-A660-A2A7DA65C456}.Debug|Mixed Platforms.ActiveCfg = Debug|Any CPU
		{39D005F7-F334-470D-A660-A2A7DA65C456}.Debug|Mixed Platforms.Build.0 = Debug|Any CPU
		{39D005F7-F334-470D-A660-A2A7DA65C456}.Debug|x86.ActiveCfg = Debug|Any CPU
		{39D005F7-F334-470D-A660-A2A7DA65C456}.DontCompile|Any CPU.ActiveCfg = DontCompile|Any CPU
		{39D005F7-F334-470D-A660-A2A7DA65C456}.DontCompile|Any CPU.Build.0 = DontCompile|Any CPU
		{39D005F7-F334-470D-A660-A2A7DA65C456}.DontCompile|Mixed Platforms.ActiveCfg = DontCompile|Any CPU
		{39D005F7-F334-470D-A660-A2A7DA65C456}.DontCompile|Mixed Platforms.Build.0 = DontCompile|Any CPU
		{39D005F7-F334-470D-A660-A2A7DA65C456}.DontCompile|x86.ActiveCfg = DontCompile|Any CPU
		{39D005F7-F334-470D-A660-A2A7DA65C456}.MonoGame|Any CPU.ActiveCfg = MonoGame|Any CPU
		{39D005F7-F334-470D-A660-A2A7DA65C456}.MonoGame|Mixed Platforms.ActiveCfg = MonoGame|Any CPU
		{39D005F7-F334-470D-A660-A2A7DA65C456}.MonoGame|Mixed Platforms.Build.0 = MonoGame|Any CPU
		{39D005F7-F334-470D-A660-A2A7DA65C456}.MonoGame|x86.ActiveCfg = MonoGame|Any CPU
		{39D005F7-F334-470D-A660-A2A7DA65C456}.Release|Any CPU.ActiveCfg = Release|Any CPU
		{39D005F7-F334-470D-A660-A2A7DA65C456}.Release|Any CPU.Build.0 = Release|Any CPU
		{39D005F7-F334-470D-A660-A2A7DA65C456}.Release|Mixed Platforms.ActiveCfg = Release|Any CPU
		{39D005F7-F334-470D-A660-A2A7DA65C456}.Release|Mixed Platforms.Build.0 = Release|Any CPU
		{39D005F7-F334-470D-A660-A2A7DA65C456}.Release|x86.ActiveCfg = Release|Any CPU
		{DBDEF41C-B0C4-44CA-8297-6F9C85F6231A}.Debug|Any CPU.ActiveCfg = Debug|Any CPU
		{DBDEF41C-B0C4-44CA-8297-6F9C85F6231A}.Debug|Any CPU.Build.0 = Debug|Any CPU
		{DBDEF41C-B0C4-44CA-8297-6F9C85F6231A}.Debug|Mixed Platforms.ActiveCfg = Debug|Any CPU
		{DBDEF41C-B0C4-44CA-8297-6F9C85F6231A}.Debug|Mixed Platforms.Build.0 = Debug|Any CPU
		{DBDEF41C-B0C4-44CA-8297-6F9C85F6231A}.Debug|x86.ActiveCfg = Debug|Any CPU
		{DBDEF41C-B0C4-44CA-8297-6F9C85F6231A}.DontCompile|Any CPU.ActiveCfg = Debug|Any CPU
		{DBDEF41C-B0C4-44CA-8297-6F9C85F6231A}.DontCompile|Any CPU.Build.0 = Debug|Any CPU
		{DBDEF41C-B0C4-44CA-8297-6F9C85F6231A}.DontCompile|Mixed Platforms.ActiveCfg = Debug|Any CPU
		{DBDEF41C-B0C4-44CA-8297-6F9C85F6231A}.DontCompile|Mixed Platforms.Build.0 = Debug|Any CPU
		{DBDEF41C-B0C4-44CA-8297-6F9C85F6231A}.DontCompile|x86.ActiveCfg = Debug|Any CPU
		{DBDEF41C-B0C4-44CA-8297-6F9C85F6231A}.MonoGame|Any CPU.ActiveCfg = MonoGame|Any CPU
		{DBDEF41C-B0C4-44CA-8297-6F9C85F6231A}.MonoGame|Mixed Platforms.ActiveCfg = MonoGame|Any CPU
		{DBDEF41C-B0C4-44CA-8297-6F9C85F6231A}.MonoGame|Mixed Platforms.Build.0 = MonoGame|Any CPU
		{DBDEF41C-B0C4-44CA-8297-6F9C85F6231A}.MonoGame|x86.ActiveCfg = MonoGame|Any CPU
		{DBDEF41C-B0C4-44CA-8297-6F9C85F6231A}.Release|Any CPU.ActiveCfg = Release|Any CPU
		{DBDEF41C-B0C4-44CA-8297-6F9C85F6231A}.Release|Any CPU.Build.0 = Release|Any CPU
		{DBDEF41C-B0C4-44CA-8297-6F9C85F6231A}.Release|Mixed Platforms.ActiveCfg = Release|Any CPU
		{DBDEF41C-B0C4-44CA-8297-6F9C85F6231A}.Release|Mixed Platforms.Build.0 = Release|Any CPU
		{DBDEF41C-B0C4-44CA-8297-6F9C85F6231A}.Release|x86.ActiveCfg = Release|Any CPU
		{7C2C5007-5B96-41E4-8FA0-F709BBBB96F6}.Debug|Any CPU.ActiveCfg = Debug|Any CPU
		{7C2C5007-5B96-41E4-8FA0-F709BBBB96F6}.Debug|Mixed Platforms.ActiveCfg = Debug|Any CPU
		{7C2C5007-5B96-41E4-8FA0-F709BBBB96F6}.Debug|Mixed Platforms.Build.0 = Debug|Any CPU
		{7C2C5007-5B96-41E4-8FA0-F709BBBB96F6}.Debug|x86.ActiveCfg = Debug|Any CPU
		{7C2C5007-5B96-41E4-8FA0-F709BBBB96F6}.DontCompile|Any CPU.ActiveCfg = Debug|Any CPU
		{7C2C5007-5B96-41E4-8FA0-F709BBBB96F6}.DontCompile|Any CPU.Build.0 = Debug|Any CPU
		{7C2C5007-5B96-41E4-8FA0-F709BBBB96F6}.DontCompile|Mixed Platforms.ActiveCfg = Debug|Any CPU
		{7C2C5007-5B96-41E4-8FA0-F709BBBB96F6}.DontCompile|Mixed Platforms.Build.0 = Debug|Any CPU
		{7C2C5007-5B96-41E4-8FA0-F709BBBB96F6}.DontCompile|x86.ActiveCfg = Debug|Any CPU
		{7C2C5007-5B96-41E4-8FA0-F709BBBB96F6}.MonoGame|Any CPU.ActiveCfg = Release|Any CPU
		{7C2C5007-5B96-41E4-8FA0-F709BBBB96F6}.MonoGame|Any CPU.Build.0 = Release|Any CPU
		{7C2C5007-5B96-41E4-8FA0-F709BBBB96F6}.MonoGame|Mixed Platforms.ActiveCfg = Release|Any CPU
		{7C2C5007-5B96-41E4-8FA0-F709BBBB96F6}.MonoGame|Mixed Platforms.Build.0 = Release|Any CPU
		{7C2C5007-5B96-41E4-8FA0-F709BBBB96F6}.MonoGame|x86.ActiveCfg = Release|Any CPU
		{7C2C5007-5B96-41E4-8FA0-F709BBBB96F6}.Release|Any CPU.ActiveCfg = Release|Any CPU
		{7C2C5007-5B96-41E4-8FA0-F709BBBB96F6}.Release|Any CPU.Build.0 = Release|Any CPU
		{7C2C5007-5B96-41E4-8FA0-F709BBBB96F6}.Release|Mixed Platforms.ActiveCfg = Release|Any CPU
		{7C2C5007-5B96-41E4-8FA0-F709BBBB96F6}.Release|Mixed Platforms.Build.0 = Release|Any CPU
		{7C2C5007-5B96-41E4-8FA0-F709BBBB96F6}.Release|x86.ActiveCfg = Release|Any CPU
		{F3EA0810-D9BA-44B8-A8E7-45F7D9970678}.Debug|Any CPU.ActiveCfg = Debug|Any CPU
		{F3EA0810-D9BA-44B8-A8E7-45F7D9970678}.Debug|Any CPU.Build.0 = Debug|Any CPU
		{F3EA0810-D9BA-44B8-A8E7-45F7D9970678}.Debug|Mixed Platforms.ActiveCfg = Debug|Any CPU
		{F3EA0810-D9BA-44B8-A8E7-45F7D9970678}.Debug|Mixed Platforms.Build.0 = Debug|Any CPU
		{F3EA0810-D9BA-44B8-A8E7-45F7D9970678}.Debug|x86.ActiveCfg = Debug|Any CPU
		{F3EA0810-D9BA-44B8-A8E7-45F7D9970678}.DontCompile|Any CPU.ActiveCfg = Debug|Any CPU
		{F3EA0810-D9BA-44B8-A8E7-45F7D9970678}.DontCompile|Any CPU.Build.0 = Debug|Any CPU
		{F3EA0810-D9BA-44B8-A8E7-45F7D9970678}.DontCompile|Mixed Platforms.ActiveCfg = Debug|Any CPU
		{F3EA0810-D9BA-44B8-A8E7-45F7D9970678}.DontCompile|Mixed Platforms.Build.0 = Debug|Any CPU
		{F3EA0810-D9BA-44B8-A8E7-45F7D9970678}.DontCompile|x86.ActiveCfg = Debug|Any CPU
		{F3EA0810-D9BA-44B8-A8E7-45F7D9970678}.MonoGame|Any CPU.ActiveCfg = Release|Any CPU
		{F3EA0810-D9BA-44B8-A8E7-45F7D9970678}.MonoGame|Any CPU.Build.0 = Release|Any CPU
		{F3EA0810-D9BA-44B8-A8E7-45F7D9970678}.MonoGame|Mixed Platforms.ActiveCfg = Release|Any CPU
		{F3EA0810-D9BA-44B8-A8E7-45F7D9970678}.MonoGame|Mixed Platforms.Build.0 = Release|Any CPU
		{F3EA0810-D9BA-44B8-A8E7-45F7D9970678}.MonoGame|x86.ActiveCfg = Release|Any CPU
		{F3EA0810-D9BA-44B8-A8E7-45F7D9970678}.Release|Any CPU.ActiveCfg = Release|Any CPU
		{F3EA0810-D9BA-44B8-A8E7-45F7D9970678}.Release|Any CPU.Build.0 = Release|Any CPU
		{F3EA0810-D9BA-44B8-A8E7-45F7D9970678}.Release|Mixed Platforms.ActiveCfg = Release|Any CPU
		{F3EA0810-D9BA-44B8-A8E7-45F7D9970678}.Release|Mixed Platforms.Build.0 = Release|Any CPU
		{F3EA0810-D9BA-44B8-A8E7-45F7D9970678}.Release|x86.ActiveCfg = Release|Any CPU
		{1E54EF79-BE13-4B23-B0CC-890211933B80}.Debug|Any CPU.ActiveCfg = Debug|Any CPU
		{1E54EF79-BE13-4B23-B0CC-890211933B80}.Debug|Any CPU.Build.0 = Debug|Any CPU
		{1E54EF79-BE13-4B23-B0CC-890211933B80}.Debug|Mixed Platforms.ActiveCfg = Debug|Any CPU
		{1E54EF79-BE13-4B23-B0CC-890211933B80}.Debug|Mixed Platforms.Build.0 = Debug|Any CPU
		{1E54EF79-BE13-4B23-B0CC-890211933B80}.Debug|x86.ActiveCfg = Debug|Any CPU
		{1E54EF79-BE13-4B23-B0CC-890211933B80}.DontCompile|Any CPU.ActiveCfg = Debug|Any CPU
		{1E54EF79-BE13-4B23-B0CC-890211933B80}.DontCompile|Any CPU.Build.0 = Debug|Any CPU
		{1E54EF79-BE13-4B23-B0CC-890211933B80}.DontCompile|Mixed Platforms.ActiveCfg = Debug|Any CPU
		{1E54EF79-BE13-4B23-B0CC-890211933B80}.DontCompile|Mixed Platforms.Build.0 = Debug|Any CPU
		{1E54EF79-BE13-4B23-B0CC-890211933B80}.DontCompile|x86.ActiveCfg = Debug|Any CPU
		{1E54EF79-BE13-4B23-B0CC-890211933B80}.MonoGame|Any CPU.ActiveCfg = Release|Any CPU
		{1E54EF79-BE13-4B23-B0CC-890211933B80}.MonoGame|Any CPU.Build.0 = Release|Any CPU
		{1E54EF79-BE13-4B23-B0CC-890211933B80}.MonoGame|Mixed Platforms.ActiveCfg = Release|Any CPU
		{1E54EF79-BE13-4B23-B0CC-890211933B80}.MonoGame|Mixed Platforms.Build.0 = Release|Any CPU
		{1E54EF79-BE13-4B23-B0CC-890211933B80}.MonoGame|x86.ActiveCfg = Release|Any CPU
		{1E54EF79-BE13-4B23-B0CC-890211933B80}.Release|Any CPU.ActiveCfg = Release|Any CPU
		{1E54EF79-BE13-4B23-B0CC-890211933B80}.Release|Any CPU.Build.0 = Release|Any CPU
		{1E54EF79-BE13-4B23-B0CC-890211933B80}.Release|Mixed Platforms.ActiveCfg = Release|Any CPU
		{1E54EF79-BE13-4B23-B0CC-890211933B80}.Release|Mixed Platforms.Build.0 = Release|Any CPU
		{1E54EF79-BE13-4B23-B0CC-890211933B80}.Release|x86.ActiveCfg = Release|Any CPU
		{87DAA81E-0342-4969-B99F-FBB60914B1A5}.Debug|Any CPU.ActiveCfg = Debug|Any CPU
		{87DAA81E-0342-4969-B99F-FBB60914B1A5}.Debug|Any CPU.Build.0 = Debug|Any CPU
		{87DAA81E-0342-4969-B99F-FBB60914B1A5}.Debug|Mixed Platforms.ActiveCfg = Debug|Any CPU
		{87DAA81E-0342-4969-B99F-FBB60914B1A5}.Debug|Mixed Platforms.Build.0 = Debug|Any CPU
		{87DAA81E-0342-4969-B99F-FBB60914B1A5}.Debug|x86.ActiveCfg = Debug|Any CPU
		{87DAA81E-0342-4969-B99F-FBB60914B1A5}.DontCompile|Any CPU.ActiveCfg = Debug|Any CPU
		{87DAA81E-0342-4969-B99F-FBB60914B1A5}.DontCompile|Any CPU.Build.0 = Debug|Any CPU
		{87DAA81E-0342-4969-B99F-FBB60914B1A5}.DontCompile|Mixed Platforms.ActiveCfg = Debug|Any CPU
		{87DAA81E-0342-4969-B99F-FBB60914B1A5}.DontCompile|Mixed Platforms.Build.0 = Debug|Any CPU
		{87DAA81E-0342-4969-B99F-FBB60914B1A5}.DontCompile|x86.ActiveCfg = Debug|Any CPU
		{87DAA81E-0342-4969-B99F-FBB60914B1A5}.MonoGame|Any CPU.ActiveCfg = Release|Any CPU
		{87DAA81E-0342-4969-B99F-FBB60914B1A5}.MonoGame|Any CPU.Build.0 = Release|Any CPU
		{87DAA81E-0342-4969-B99F-FBB60914B1A5}.MonoGame|Mixed Platforms.ActiveCfg = Release|Any CPU
		{87DAA81E-0342-4969-B99F-FBB60914B1A5}.MonoGame|Mixed Platforms.Build.0 = Release|Any CPU
		{87DAA81E-0342-4969-B99F-FBB60914B1A5}.MonoGame|x86.ActiveCfg = Release|Any CPU
		{87DAA81E-0342-4969-B99F-FBB60914B1A5}.Release|Any CPU.ActiveCfg = Release|Any CPU
		{87DAA81E-0342-4969-B99F-FBB60914B1A5}.Release|Any CPU.Build.0 = Release|Any CPU
		{87DAA81E-0342-4969-B99F-FBB60914B1A5}.Release|Mixed Platforms.ActiveCfg = Release|Any CPU
		{87DAA81E-0342-4969-B99F-FBB60914B1A5}.Release|Mixed Platforms.Build.0 = Release|Any CPU
		{87DAA81E-0342-4969-B99F-FBB60914B1A5}.Release|x86.ActiveCfg = Release|Any CPU
		{38D203A1-3125-43FF-A8A8-53442FEC2804}.Debug|Any CPU.ActiveCfg = Debug|x86
		{38D203A1-3125-43FF-A8A8-53442FEC2804}.Debug|Mixed Platforms.ActiveCfg = Debug|x86
		{38D203A1-3125-43FF-A8A8-53442FEC2804}.Debug|Mixed Platforms.Build.0 = Debug|x86
		{38D203A1-3125-43FF-A8A8-53442FEC2804}.Debug|x86.ActiveCfg = Debug|x86
		{38D203A1-3125-43FF-A8A8-53442FEC2804}.Debug|x86.Build.0 = Debug|x86
		{38D203A1-3125-43FF-A8A8-53442FEC2804}.DontCompile|Any CPU.ActiveCfg = Debug|x86
		{38D203A1-3125-43FF-A8A8-53442FEC2804}.DontCompile|Mixed Platforms.ActiveCfg = Debug|x86
		{38D203A1-3125-43FF-A8A8-53442FEC2804}.DontCompile|Mixed Platforms.Build.0 = Debug|x86
		{38D203A1-3125-43FF-A8A8-53442FEC2804}.DontCompile|x86.ActiveCfg = Debug|x86
		{38D203A1-3125-43FF-A8A8-53442FEC2804}.DontCompile|x86.Build.0 = Debug|x86
		{38D203A1-3125-43FF-A8A8-53442FEC2804}.MonoGame|Any CPU.ActiveCfg = Release|x86
		{38D203A1-3125-43FF-A8A8-53442FEC2804}.MonoGame|Mixed Platforms.ActiveCfg = Release|x86
		{38D203A1-3125-43FF-A8A8-53442FEC2804}.MonoGame|Mixed Platforms.Build.0 = Release|x86
		{38D203A1-3125-43FF-A8A8-53442FEC2804}.MonoGame|x86.ActiveCfg = Release|x86
		{38D203A1-3125-43FF-A8A8-53442FEC2804}.MonoGame|x86.Build.0 = Release|x86
		{38D203A1-3125-43FF-A8A8-53442FEC2804}.Release|Any CPU.ActiveCfg = Release|x86
		{38D203A1-3125-43FF-A8A8-53442FEC2804}.Release|Mixed Platforms.ActiveCfg = Release|x86
		{38D203A1-3125-43FF-A8A8-53442FEC2804}.Release|Mixed Platforms.Build.0 = Release|x86
		{38D203A1-3125-43FF-A8A8-53442FEC2804}.Release|x86.ActiveCfg = Release|x86
		{38D203A1-3125-43FF-A8A8-53442FEC2804}.Release|x86.Build.0 = Release|x86
	EndGlobalSection
	GlobalSection(SolutionProperties) = preSolution
		HideSolutionNode = FALSE
	EndGlobalSection
	GlobalSection(NestedProjects) = preSolution
		{2B14E6AB-FF3B-42C8-B6F9-5C2A6A35F266} = {9AAE5E5A-5B6C-4A10-BE8C-3BAD75051B25}
		{7135ED8B-1992-4170-B4A1-A0086686FEBF} = {769E73D8-B120-42F0-8093-EC1B5E61A45C}
		{6A046817-9F14-4781-97C9-F89FEBC2097B} = {7C588999-889F-47C6-BCEC-EF5EFE06AE42}
		{425A4B94-31DF-4569-B68C-EDEAF82163A7} = {7C588999-889F-47C6-BCEC-EF5EFE06AE42}
		{528992A7-2184-4F0F-85BD-D8ECD1414DB9} = {769E73D8-B120-42F0-8093-EC1B5E61A45C}
		{507B82BF-B5CA-44C5-8520-8984D79685AB} = {769E73D8-B120-42F0-8093-EC1B5E61A45C}
		{39D005F7-F334-470D-A660-A2A7DA65C456} = {7C588999-889F-47C6-BCEC-EF5EFE06AE42}
		{DBDEF41C-B0C4-44CA-8297-6F9C85F6231A} = {769E73D8-B120-42F0-8093-EC1B5E61A45C}
		{7C2C5007-5B96-41E4-8FA0-F709BBBB96F6} = {5DA7A547-23B9-4764-A557-716FCA3DBC76}
		{F3EA0810-D9BA-44B8-A8E7-45F7D9970678} = {769E73D8-B120-42F0-8093-EC1B5E61A45C}
		{1E54EF79-BE13-4B23-B0CC-890211933B80} = {5DA7A547-23B9-4764-A557-716FCA3DBC76}
		{87DAA81E-0342-4969-B99F-FBB60914B1A5} = {769E73D8-B120-42F0-8093-EC1B5E61A45C}
		{38D203A1-3125-43FF-A8A8-53442FEC2804} = {5DA7A547-23B9-4764-A557-716FCA3DBC76}
	EndGlobalSection
EndGlobal
