
Microsoft Visual Studio Solution File, Format Version 12.00
# Visual Studio 2013
VisualStudioVersion = 12.0.31101.0
MinimumVisualStudioVersion = 10.0.40219.1
Project("{FAE04EC0-301F-11D3-BF4B-00C04F79EFBC}") = "MauronAlpha.MonoGame", "MauronAlpha.MonoGame.csproj", "{4ADF7BB8-340E-4019-9F21-FFAB70D88156}"
EndProject
Project("{2150E333-8FDC-42A3-9474-1A3956D46DE8}") = "MauronAlpha.References", "MauronAlpha.References", "{07FF9397-3878-4A56-85AC-A276A015CB7D}"
EndProject
Project("{FAE04EC0-301F-11D3-BF4B-00C04F79EFBC}") = "MauronAlpha", "..\MauronAlpha\MauronAlpha.csproj", "{6A046817-9F14-4781-97C9-F89FEBC2097B}"
EndProject
Project("{FAE04EC0-301F-11D3-BF4B-00C04F79EFBC}") = "MauronAlpha.Events", "..\MauronAlpha.Events\MauronAlpha.Events.csproj", "{425A4B94-31DF-4569-B68C-EDEAF82163A7}"
EndProject
Project("{FAE04EC0-301F-11D3-BF4B-00C04F79EFBC}") = "MauronAlpha.Geometry", "..\MauronAlpha.Geometry\MauronAlpha.Geometry.csproj", "{39D005F7-F334-470D-A660-A2A7DA65C456}"
EndProject
Project("{FAE04EC0-301F-11D3-BF4B-00C04F79EFBC}") = "MauronAlpha.MonoGame.SpaceGame", "..\MauronAlpha.MonoGame.SpaceGame\MauronAlpha.MonoGame.SpaceGame.csproj", "{1E54EF79-BE13-4B23-B0CC-890211933B80}"
EndProject
Project("{FAE04EC0-301F-11D3-BF4B-00C04F79EFBC}") = "MauronAlpha.FileSystem", "..\MauronAlpha.FileSystem\MauronAlpha.FileSystem.csproj", "{87DAA81E-0342-4969-B99F-FBB60914B1A5}"
EndProject
Project("{FAE04EC0-301F-11D3-BF4B-00C04F79EFBC}") = "MauronAlpha.MonoGame.HexGrid", "..\MauronAlpha.MonoGame.HexGrid\MauronAlpha.MonoGame.HexGrid.csproj", "{7C2C5007-5B96-41E4-8FA0-F709BBBB96F6}"
EndProject
Project("{2150E333-8FDC-42A3-9474-1A3956D46DE8}") = "Satelites", "Satelites", "{F96C9A62-F21E-4C9D-9E0E-12C9BA8C5325}"
EndProject
Project("{FAE04EC0-301F-11D3-BF4B-00C04F79EFBC}") = "MauronAlpha.MonoGame.Logic.Misc", "..\MauronAlpha.MonoGame.Logic.SiteObects\MauronAlpha.MonoGame.Logic.Misc.csproj", "{DEB0F523-2C6C-46C1-8016-612A4691C500}"
EndProject
Project("{FAE04EC0-301F-11D3-BF4B-00C04F79EFBC}") = "MauronAlpha.MonoGame.Logic", "..\MauronAlpha.MonoGame.AI.Quantifiers\MauronAlpha.MonoGame.Logic.csproj", "{14B0D0C3-15A5-4B54-B1B7-DB5DBE8F9D6C}"
EndProject
Project("{2150E333-8FDC-42A3-9474-1A3956D46DE8}") = "Projects", "Projects", "{1D51663B-E4F6-4AD5-BDE7-8A852D7A0058}"
EndProject
Project("{2150E333-8FDC-42A3-9474-1A3956D46DE8}") = "Abstracts", "Abstracts", "{6BF4A17C-CD9B-4118-86DF-209362E22EEF}"
EndProject
Project("{FAE04EC0-301F-11D3-BF4B-00C04F79EFBC}") = "MauronAlpha.TextProcessing", "..\MauronAlpha.TextProcessing\MauronAlpha.TextProcessing.csproj", "{DBDEF41C-B0C4-44CA-8297-6F9C85F6231A}"
EndProject
Project("{FAE04EC0-301F-11D3-BF4B-00C04F79EFBC}") = "MauronAlpha.FontParser", "..\MauronAlpha.FontParser\MauronAlpha.FontParser.csproj", "{F4B1BB04-A2BA-4100-8706-A9A10BA04144}"
EndProject
Project("{2150E333-8FDC-42A3-9474-1A3956D46DE8}") = "MonoGame", "MonoGame", "{20043501-EFF5-4AA6-9510-CC1A3C63F6AC}"
EndProject
Project("{FAE04EC0-301F-11D3-BF4B-00C04F79EFBC}") = "Lidgren.Network.WindowsGL", "..\..\Code.thirdParty\MonoGame\GitHub.Mirror\ThirdParty\Lidgren.Network\Lidgren.Network.WindowsGL.csproj", "{AE483C29-042E-4226-BA52-D247CE7676DA}"
EndProject
Project("{FAE04EC0-301F-11D3-BF4B-00C04F79EFBC}") = "MonoGame.Framework.Net.WindowsGL", "..\..\Code.thirdParty\MonoGame\GitHub.Mirror\MonoGame.Framework\MonoGame.Framework.Net.WindowsGL.csproj", "{6D6009F4-0AFB-4806-89D7-7945F20270F5}"
EndProject
Project("{2150E333-8FDC-42A3-9474-1A3956D46DE8}") = "Offline", "Offline", "{901B2862-03A6-4836-989E-E0498632DC1C}"
EndProject
Project("{FAE04EC0-301F-11D3-BF4B-00C04F79EFBC}") = "MonoGame.Framework.WindowsGL", "..\..\Code.thirdParty\MonoGame\GitHub.Mirror\MonoGame.Framework\MonoGame.Framework.WindowsGL.csproj", "{6D75E618-19CA-4C51-9546-F10965FBC0B8}"
EndProject
Global
	GlobalSection(SolutionConfigurationPlatforms) = preSolution
		Debug|Any CPU = Debug|Any CPU
		Debug|Mixed Platforms = Debug|Mixed Platforms
		Debug|x86 = Debug|x86
		DontCompile|Any CPU = DontCompile|Any CPU
		DontCompile|Mixed Platforms = DontCompile|Mixed Platforms
		DontCompile|x86 = DontCompile|x86
		MonoGame Engine Testing|Any CPU = MonoGame Engine Testing|Any CPU
		MonoGame Engine Testing|Mixed Platforms = MonoGame Engine Testing|Mixed Platforms
		MonoGame Engine Testing|x86 = MonoGame Engine Testing|x86
		MonoGame|Any CPU = MonoGame|Any CPU
		MonoGame|Mixed Platforms = MonoGame|Mixed Platforms
		MonoGame|x86 = MonoGame|x86
		Release|Any CPU = Release|Any CPU
		Release|Mixed Platforms = Release|Mixed Platforms
		Release|x86 = Release|x86
	EndGlobalSection
	GlobalSection(ProjectConfigurationPlatforms) = postSolution
		{4ADF7BB8-340E-4019-9F21-FFAB70D88156}.Debug|Any CPU.ActiveCfg = Debug|x86
		{4ADF7BB8-340E-4019-9F21-FFAB70D88156}.Debug|Mixed Platforms.ActiveCfg = Debug|x86
		{4ADF7BB8-340E-4019-9F21-FFAB70D88156}.Debug|Mixed Platforms.Build.0 = Debug|x86
		{4ADF7BB8-340E-4019-9F21-FFAB70D88156}.Debug|x86.ActiveCfg = Debug|x86
		{4ADF7BB8-340E-4019-9F21-FFAB70D88156}.Debug|x86.Build.0 = Debug|x86
		{4ADF7BB8-340E-4019-9F21-FFAB70D88156}.DontCompile|Any CPU.ActiveCfg = Debug|x86
		{4ADF7BB8-340E-4019-9F21-FFAB70D88156}.DontCompile|Mixed Platforms.ActiveCfg = Debug|x86
		{4ADF7BB8-340E-4019-9F21-FFAB70D88156}.DontCompile|Mixed Platforms.Build.0 = Debug|x86
		{4ADF7BB8-340E-4019-9F21-FFAB70D88156}.DontCompile|x86.ActiveCfg = Debug|x86
		{4ADF7BB8-340E-4019-9F21-FFAB70D88156}.DontCompile|x86.Build.0 = Debug|x86
		{4ADF7BB8-340E-4019-9F21-FFAB70D88156}.MonoGame Engine Testing|Any CPU.ActiveCfg = MonoGame Engine Testing|x86
		{4ADF7BB8-340E-4019-9F21-FFAB70D88156}.MonoGame Engine Testing|Mixed Platforms.ActiveCfg = MonoGame Engine Testing|x86
		{4ADF7BB8-340E-4019-9F21-FFAB70D88156}.MonoGame Engine Testing|Mixed Platforms.Build.0 = MonoGame Engine Testing|x86
		{4ADF7BB8-340E-4019-9F21-FFAB70D88156}.MonoGame Engine Testing|x86.ActiveCfg = MonoGame Engine Testing|x86
		{4ADF7BB8-340E-4019-9F21-FFAB70D88156}.MonoGame Engine Testing|x86.Build.0 = MonoGame Engine Testing|x86
		{4ADF7BB8-340E-4019-9F21-FFAB70D88156}.MonoGame|Any CPU.ActiveCfg = Release|x86
		{4ADF7BB8-340E-4019-9F21-FFAB70D88156}.MonoGame|Mixed Platforms.ActiveCfg = Release|x86
		{4ADF7BB8-340E-4019-9F21-FFAB70D88156}.MonoGame|Mixed Platforms.Build.0 = Release|x86
		{4ADF7BB8-340E-4019-9F21-FFAB70D88156}.MonoGame|x86.ActiveCfg = Release|x86
		{4ADF7BB8-340E-4019-9F21-FFAB70D88156}.MonoGame|x86.Build.0 = Release|x86
		{4ADF7BB8-340E-4019-9F21-FFAB70D88156}.Release|Any CPU.ActiveCfg = Release|x86
		{4ADF7BB8-340E-4019-9F21-FFAB70D88156}.Release|Mixed Platforms.ActiveCfg = Release|x86
		{4ADF7BB8-340E-4019-9F21-FFAB70D88156}.Release|Mixed Platforms.Build.0 = Release|x86
		{4ADF7BB8-340E-4019-9F21-FFAB70D88156}.Release|x86.ActiveCfg = Release|x86
		{4ADF7BB8-340E-4019-9F21-FFAB70D88156}.Release|x86.Build.0 = Release|x86
		{6A046817-9F14-4781-97C9-F89FEBC2097B}.Debug|Any CPU.ActiveCfg = Debug|Any CPU
		{6A046817-9F14-4781-97C9-F89FEBC2097B}.Debug|Any CPU.Build.0 = Debug|Any CPU
		{6A046817-9F14-4781-97C9-F89FEBC2097B}.Debug|Mixed Platforms.ActiveCfg = Debug|Any CPU
		{6A046817-9F14-4781-97C9-F89FEBC2097B}.Debug|Mixed Platforms.Build.0 = Debug|Any CPU
		{6A046817-9F14-4781-97C9-F89FEBC2097B}.Debug|x86.ActiveCfg = Debug|Any CPU
		{6A046817-9F14-4781-97C9-F89FEBC2097B}.DontCompile|Any CPU.ActiveCfg = DontCompile|Any CPU
		{6A046817-9F14-4781-97C9-F89FEBC2097B}.DontCompile|Any CPU.Build.0 = DontCompile|Any CPU
		{6A046817-9F14-4781-97C9-F89FEBC2097B}.DontCompile|Mixed Platforms.ActiveCfg = DontCompile|Any CPU
		{6A046817-9F14-4781-97C9-F89FEBC2097B}.DontCompile|Mixed Platforms.Build.0 = DontCompile|Any CPU
		{6A046817-9F14-4781-97C9-F89FEBC2097B}.DontCompile|x86.ActiveCfg = DontCompile|Any CPU
		{6A046817-9F14-4781-97C9-F89FEBC2097B}.MonoGame Engine Testing|Any CPU.ActiveCfg = MonoGame Engine Testing|Any CPU
		{6A046817-9F14-4781-97C9-F89FEBC2097B}.MonoGame Engine Testing|Any CPU.Build.0 = MonoGame Engine Testing|Any CPU
		{6A046817-9F14-4781-97C9-F89FEBC2097B}.MonoGame Engine Testing|Mixed Platforms.ActiveCfg = MonoGame Engine Testing|Any CPU
		{6A046817-9F14-4781-97C9-F89FEBC2097B}.MonoGame Engine Testing|Mixed Platforms.Build.0 = MonoGame Engine Testing|Any CPU
		{6A046817-9F14-4781-97C9-F89FEBC2097B}.MonoGame Engine Testing|Mixed Platforms.Deploy.0 = MonoGame Engine Testing|Any CPU
		{6A046817-9F14-4781-97C9-F89FEBC2097B}.MonoGame Engine Testing|x86.ActiveCfg = MonoGame Engine Testing|Any CPU
		{6A046817-9F14-4781-97C9-F89FEBC2097B}.MonoGame|Any CPU.ActiveCfg = MonoGame|Any CPU
		{6A046817-9F14-4781-97C9-F89FEBC2097B}.MonoGame|Any CPU.Build.0 = MonoGame|Any CPU
		{6A046817-9F14-4781-97C9-F89FEBC2097B}.MonoGame|Mixed Platforms.ActiveCfg = MonoGame|Any CPU
		{6A046817-9F14-4781-97C9-F89FEBC2097B}.MonoGame|Mixed Platforms.Build.0 = MonoGame|Any CPU
		{6A046817-9F14-4781-97C9-F89FEBC2097B}.MonoGame|x86.ActiveCfg = MonoGame|Any CPU
		{6A046817-9F14-4781-97C9-F89FEBC2097B}.Release|Any CPU.ActiveCfg = Release|Any CPU
		{6A046817-9F14-4781-97C9-F89FEBC2097B}.Release|Any CPU.Build.0 = Release|Any CPU
		{6A046817-9F14-4781-97C9-F89FEBC2097B}.Release|Mixed Platforms.ActiveCfg = Release|Any CPU
		{6A046817-9F14-4781-97C9-F89FEBC2097B}.Release|Mixed Platforms.Build.0 = Release|Any CPU
		{6A046817-9F14-4781-97C9-F89FEBC2097B}.Release|x86.ActiveCfg = Release|Any CPU
		{425A4B94-31DF-4569-B68C-EDEAF82163A7}.Debug|Any CPU.ActiveCfg = Debug|Any CPU
		{425A4B94-31DF-4569-B68C-EDEAF82163A7}.Debug|Any CPU.Build.0 = Debug|Any CPU
		{425A4B94-31DF-4569-B68C-EDEAF82163A7}.Debug|Mixed Platforms.ActiveCfg = Debug|Any CPU
		{425A4B94-31DF-4569-B68C-EDEAF82163A7}.Debug|Mixed Platforms.Build.0 = Debug|Any CPU
		{425A4B94-31DF-4569-B68C-EDEAF82163A7}.Debug|x86.ActiveCfg = Debug|Any CPU
		{425A4B94-31DF-4569-B68C-EDEAF82163A7}.DontCompile|Any CPU.ActiveCfg = Debug|Any CPU
		{425A4B94-31DF-4569-B68C-EDEAF82163A7}.DontCompile|Any CPU.Build.0 = Debug|Any CPU
		{425A4B94-31DF-4569-B68C-EDEAF82163A7}.DontCompile|Mixed Platforms.ActiveCfg = Debug|Any CPU
		{425A4B94-31DF-4569-B68C-EDEAF82163A7}.DontCompile|Mixed Platforms.Build.0 = Debug|Any CPU
		{425A4B94-31DF-4569-B68C-EDEAF82163A7}.DontCompile|x86.ActiveCfg = Debug|Any CPU
		{425A4B94-31DF-4569-B68C-EDEAF82163A7}.MonoGame Engine Testing|Any CPU.ActiveCfg = MonoGame Engine Testing|Any CPU
		{425A4B94-31DF-4569-B68C-EDEAF82163A7}.MonoGame Engine Testing|Any CPU.Build.0 = MonoGame Engine Testing|Any CPU
		{425A4B94-31DF-4569-B68C-EDEAF82163A7}.MonoGame Engine Testing|Mixed Platforms.ActiveCfg = MonoGame Engine Testing|Any CPU
		{425A4B94-31DF-4569-B68C-EDEAF82163A7}.MonoGame Engine Testing|Mixed Platforms.Build.0 = MonoGame Engine Testing|Any CPU
		{425A4B94-31DF-4569-B68C-EDEAF82163A7}.MonoGame Engine Testing|x86.ActiveCfg = MonoGame Engine Testing|Any CPU
		{425A4B94-31DF-4569-B68C-EDEAF82163A7}.MonoGame|Any CPU.ActiveCfg = MonoGame|Any CPU
		{425A4B94-31DF-4569-B68C-EDEAF82163A7}.MonoGame|Any CPU.Build.0 = MonoGame|Any CPU
		{425A4B94-31DF-4569-B68C-EDEAF82163A7}.MonoGame|Mixed Platforms.ActiveCfg = MonoGame|Any CPU
		{425A4B94-31DF-4569-B68C-EDEAF82163A7}.MonoGame|Mixed Platforms.Build.0 = MonoGame|Any CPU
		{425A4B94-31DF-4569-B68C-EDEAF82163A7}.MonoGame|x86.ActiveCfg = MonoGame|Any CPU
		{425A4B94-31DF-4569-B68C-EDEAF82163A7}.Release|Any CPU.ActiveCfg = Release|Any CPU
		{425A4B94-31DF-4569-B68C-EDEAF82163A7}.Release|Any CPU.Build.0 = Release|Any CPU
		{425A4B94-31DF-4569-B68C-EDEAF82163A7}.Release|Mixed Platforms.ActiveCfg = Release|Any CPU
		{425A4B94-31DF-4569-B68C-EDEAF82163A7}.Release|Mixed Platforms.Build.0 = Release|Any CPU
		{425A4B94-31DF-4569-B68C-EDEAF82163A7}.Release|x86.ActiveCfg = Release|Any CPU
		{39D005F7-F334-470D-A660-A2A7DA65C456}.Debug|Any CPU.ActiveCfg = Debug|Any CPU
		{39D005F7-F334-470D-A660-A2A7DA65C456}.Debug|Any CPU.Build.0 = Debug|Any CPU
		{39D005F7-F334-470D-A660-A2A7DA65C456}.Debug|Mixed Platforms.ActiveCfg = Debug|Any CPU
		{39D005F7-F334-470D-A660-A2A7DA65C456}.Debug|Mixed Platforms.Build.0 = Debug|Any CPU
		{39D005F7-F334-470D-A660-A2A7DA65C456}.Debug|x86.ActiveCfg = Debug|Any CPU
		{39D005F7-F334-470D-A660-A2A7DA65C456}.DontCompile|Any CPU.ActiveCfg = DontCompile|Any CPU
		{39D005F7-F334-470D-A660-A2A7DA65C456}.DontCompile|Any CPU.Build.0 = DontCompile|Any CPU
		{39D005F7-F334-470D-A660-A2A7DA65C456}.DontCompile|Mixed Platforms.ActiveCfg = DontCompile|Any CPU
		{39D005F7-F334-470D-A660-A2A7DA65C456}.DontCompile|Mixed Platforms.Build.0 = DontCompile|Any CPU
		{39D005F7-F334-470D-A660-A2A7DA65C456}.DontCompile|x86.ActiveCfg = DontCompile|Any CPU
		{39D005F7-F334-470D-A660-A2A7DA65C456}.MonoGame Engine Testing|Any CPU.ActiveCfg = MonoGame Engine Testing|Any CPU
		{39D005F7-F334-470D-A660-A2A7DA65C456}.MonoGame Engine Testing|Any CPU.Build.0 = MonoGame Engine Testing|Any CPU
		{39D005F7-F334-470D-A660-A2A7DA65C456}.MonoGame Engine Testing|Mixed Platforms.ActiveCfg = MonoGame Engine Testing|Any CPU
		{39D005F7-F334-470D-A660-A2A7DA65C456}.MonoGame Engine Testing|Mixed Platforms.Build.0 = MonoGame Engine Testing|Any CPU
		{39D005F7-F334-470D-A660-A2A7DA65C456}.MonoGame Engine Testing|Mixed Platforms.Deploy.0 = MonoGame Engine Testing|Any CPU
		{39D005F7-F334-470D-A660-A2A7DA65C456}.MonoGame Engine Testing|x86.ActiveCfg = MonoGame Engine Testing|Any CPU
		{39D005F7-F334-470D-A660-A2A7DA65C456}.MonoGame|Any CPU.ActiveCfg = MonoGame|Any CPU
		{39D005F7-F334-470D-A660-A2A7DA65C456}.MonoGame|Any CPU.Build.0 = MonoGame|Any CPU
		{39D005F7-F334-470D-A660-A2A7DA65C456}.MonoGame|Mixed Platforms.ActiveCfg = MonoGame|Any CPU
		{39D005F7-F334-470D-A660-A2A7DA65C456}.MonoGame|Mixed Platforms.Build.0 = MonoGame|Any CPU
		{39D005F7-F334-470D-A660-A2A7DA65C456}.MonoGame|x86.ActiveCfg = MonoGame|Any CPU
		{39D005F7-F334-470D-A660-A2A7DA65C456}.Release|Any CPU.ActiveCfg = Release|Any CPU
		{39D005F7-F334-470D-A660-A2A7DA65C456}.Release|Any CPU.Build.0 = Release|Any CPU
		{39D005F7-F334-470D-A660-A2A7DA65C456}.Release|Mixed Platforms.ActiveCfg = Release|Any CPU
		{39D005F7-F334-470D-A660-A2A7DA65C456}.Release|Mixed Platforms.Build.0 = Release|Any CPU
		{39D005F7-F334-470D-A660-A2A7DA65C456}.Release|x86.ActiveCfg = Release|Any CPU
		{1E54EF79-BE13-4B23-B0CC-890211933B80}.Debug|Any CPU.ActiveCfg = Debug|Any CPU
		{1E54EF79-BE13-4B23-B0CC-890211933B80}.Debug|Any CPU.Build.0 = Debug|Any CPU
		{1E54EF79-BE13-4B23-B0CC-890211933B80}.Debug|Mixed Platforms.ActiveCfg = Debug|Any CPU
		{1E54EF79-BE13-4B23-B0CC-890211933B80}.Debug|Mixed Platforms.Build.0 = Debug|Any CPU
		{1E54EF79-BE13-4B23-B0CC-890211933B80}.Debug|x86.ActiveCfg = Debug|Any CPU
		{1E54EF79-BE13-4B23-B0CC-890211933B80}.DontCompile|Any CPU.ActiveCfg = Debug|Any CPU
		{1E54EF79-BE13-4B23-B0CC-890211933B80}.DontCompile|Any CPU.Build.0 = Debug|Any CPU
		{1E54EF79-BE13-4B23-B0CC-890211933B80}.DontCompile|Mixed Platforms.ActiveCfg = Debug|Any CPU
		{1E54EF79-BE13-4B23-B0CC-890211933B80}.DontCompile|Mixed Platforms.Build.0 = Debug|Any CPU
		{1E54EF79-BE13-4B23-B0CC-890211933B80}.DontCompile|x86.ActiveCfg = Debug|Any CPU
		{1E54EF79-BE13-4B23-B0CC-890211933B80}.MonoGame Engine Testing|Any CPU.ActiveCfg = MonoGame Engine Testing|Any CPU
		{1E54EF79-BE13-4B23-B0CC-890211933B80}.MonoGame Engine Testing|Any CPU.Build.0 = MonoGame Engine Testing|Any CPU
		{1E54EF79-BE13-4B23-B0CC-890211933B80}.MonoGame Engine Testing|Mixed Platforms.ActiveCfg = MonoGame Engine Testing|Any CPU
		{1E54EF79-BE13-4B23-B0CC-890211933B80}.MonoGame Engine Testing|x86.ActiveCfg = MonoGame Engine Testing|Any CPU
		{1E54EF79-BE13-4B23-B0CC-890211933B80}.MonoGame|Any CPU.ActiveCfg = Release|Any CPU
		{1E54EF79-BE13-4B23-B0CC-890211933B80}.MonoGame|Any CPU.Build.0 = Release|Any CPU
		{1E54EF79-BE13-4B23-B0CC-890211933B80}.MonoGame|Mixed Platforms.ActiveCfg = Release|Any CPU
		{1E54EF79-BE13-4B23-B0CC-890211933B80}.MonoGame|Mixed Platforms.Build.0 = Release|Any CPU
		{1E54EF79-BE13-4B23-B0CC-890211933B80}.MonoGame|x86.ActiveCfg = Release|Any CPU
		{1E54EF79-BE13-4B23-B0CC-890211933B80}.Release|Any CPU.ActiveCfg = Release|Any CPU
		{1E54EF79-BE13-4B23-B0CC-890211933B80}.Release|Any CPU.Build.0 = Release|Any CPU
		{1E54EF79-BE13-4B23-B0CC-890211933B80}.Release|Mixed Platforms.ActiveCfg = Release|Any CPU
		{1E54EF79-BE13-4B23-B0CC-890211933B80}.Release|Mixed Platforms.Build.0 = Release|Any CPU
		{1E54EF79-BE13-4B23-B0CC-890211933B80}.Release|x86.ActiveCfg = Release|Any CPU
		{87DAA81E-0342-4969-B99F-FBB60914B1A5}.Debug|Any CPU.ActiveCfg = Debug|Any CPU
		{87DAA81E-0342-4969-B99F-FBB60914B1A5}.Debug|Any CPU.Build.0 = Debug|Any CPU
		{87DAA81E-0342-4969-B99F-FBB60914B1A5}.Debug|Mixed Platforms.ActiveCfg = Debug|Any CPU
		{87DAA81E-0342-4969-B99F-FBB60914B1A5}.Debug|Mixed Platforms.Build.0 = Debug|Any CPU
		{87DAA81E-0342-4969-B99F-FBB60914B1A5}.Debug|x86.ActiveCfg = Debug|Any CPU
		{87DAA81E-0342-4969-B99F-FBB60914B1A5}.DontCompile|Any CPU.ActiveCfg = Debug|Any CPU
		{87DAA81E-0342-4969-B99F-FBB60914B1A5}.DontCompile|Any CPU.Build.0 = Debug|Any CPU
		{87DAA81E-0342-4969-B99F-FBB60914B1A5}.DontCompile|Mixed Platforms.ActiveCfg = Debug|Any CPU
		{87DAA81E-0342-4969-B99F-FBB60914B1A5}.DontCompile|Mixed Platforms.Build.0 = Debug|Any CPU
		{87DAA81E-0342-4969-B99F-FBB60914B1A5}.DontCompile|x86.ActiveCfg = Debug|Any CPU
		{87DAA81E-0342-4969-B99F-FBB60914B1A5}.MonoGame Engine Testing|Any CPU.ActiveCfg = MonoGame Engine Testing|Any CPU
		{87DAA81E-0342-4969-B99F-FBB60914B1A5}.MonoGame Engine Testing|Any CPU.Build.0 = MonoGame Engine Testing|Any CPU
		{87DAA81E-0342-4969-B99F-FBB60914B1A5}.MonoGame Engine Testing|Mixed Platforms.ActiveCfg = MonoGame Engine Testing|Any CPU
		{87DAA81E-0342-4969-B99F-FBB60914B1A5}.MonoGame Engine Testing|Mixed Platforms.Build.0 = MonoGame Engine Testing|Any CPU
		{87DAA81E-0342-4969-B99F-FBB60914B1A5}.MonoGame Engine Testing|x86.ActiveCfg = MonoGame Engine Testing|Any CPU
		{87DAA81E-0342-4969-B99F-FBB60914B1A5}.MonoGame|Any CPU.ActiveCfg = Release|Any CPU
		{87DAA81E-0342-4969-B99F-FBB60914B1A5}.MonoGame|Any CPU.Build.0 = Release|Any CPU
		{87DAA81E-0342-4969-B99F-FBB60914B1A5}.MonoGame|Mixed Platforms.ActiveCfg = Release|Any CPU
		{87DAA81E-0342-4969-B99F-FBB60914B1A5}.MonoGame|Mixed Platforms.Build.0 = Release|Any CPU
		{87DAA81E-0342-4969-B99F-FBB60914B1A5}.MonoGame|x86.ActiveCfg = Release|Any CPU
		{87DAA81E-0342-4969-B99F-FBB60914B1A5}.Release|Any CPU.ActiveCfg = Release|Any CPU
		{87DAA81E-0342-4969-B99F-FBB60914B1A5}.Release|Any CPU.Build.0 = Release|Any CPU
		{87DAA81E-0342-4969-B99F-FBB60914B1A5}.Release|Mixed Platforms.ActiveCfg = Release|Any CPU
		{87DAA81E-0342-4969-B99F-FBB60914B1A5}.Release|Mixed Platforms.Build.0 = Release|Any CPU
		{87DAA81E-0342-4969-B99F-FBB60914B1A5}.Release|x86.ActiveCfg = Release|Any CPU
		{7C2C5007-5B96-41E4-8FA0-F709BBBB96F6}.Debug|Any CPU.ActiveCfg = Debug|Any CPU
		{7C2C5007-5B96-41E4-8FA0-F709BBBB96F6}.Debug|Any CPU.Build.0 = Debug|Any CPU
		{7C2C5007-5B96-41E4-8FA0-F709BBBB96F6}.Debug|Mixed Platforms.ActiveCfg = Debug|Any CPU
		{7C2C5007-5B96-41E4-8FA0-F709BBBB96F6}.Debug|Mixed Platforms.Build.0 = Debug|Any CPU
		{7C2C5007-5B96-41E4-8FA0-F709BBBB96F6}.Debug|x86.ActiveCfg = Debug|Any CPU
		{7C2C5007-5B96-41E4-8FA0-F709BBBB96F6}.DontCompile|Any CPU.ActiveCfg = Debug|Any CPU
		{7C2C5007-5B96-41E4-8FA0-F709BBBB96F6}.DontCompile|Any CPU.Build.0 = Debug|Any CPU
		{7C2C5007-5B96-41E4-8FA0-F709BBBB96F6}.DontCompile|Mixed Platforms.ActiveCfg = Debug|Any CPU
		{7C2C5007-5B96-41E4-8FA0-F709BBBB96F6}.DontCompile|Mixed Platforms.Build.0 = Debug|Any CPU
		{7C2C5007-5B96-41E4-8FA0-F709BBBB96F6}.DontCompile|x86.ActiveCfg = Debug|Any CPU
		{7C2C5007-5B96-41E4-8FA0-F709BBBB96F6}.MonoGame Engine Testing|Any CPU.ActiveCfg = MonoGame Engine Testing|Any CPU
		{7C2C5007-5B96-41E4-8FA0-F709BBBB96F6}.MonoGame Engine Testing|Any CPU.Build.0 = MonoGame Engine Testing|Any CPU
		{7C2C5007-5B96-41E4-8FA0-F709BBBB96F6}.MonoGame Engine Testing|Mixed Platforms.ActiveCfg = MonoGame Engine Testing|Any CPU
		{7C2C5007-5B96-41E4-8FA0-F709BBBB96F6}.MonoGame Engine Testing|Mixed Platforms.Build.0 = MonoGame Engine Testing|Any CPU
		{7C2C5007-5B96-41E4-8FA0-F709BBBB96F6}.MonoGame Engine Testing|x86.ActiveCfg = MonoGame Engine Testing|Any CPU
		{7C2C5007-5B96-41E4-8FA0-F709BBBB96F6}.MonoGame|Any CPU.ActiveCfg = Release|Any CPU
		{7C2C5007-5B96-41E4-8FA0-F709BBBB96F6}.MonoGame|Any CPU.Build.0 = Release|Any CPU
		{7C2C5007-5B96-41E4-8FA0-F709BBBB96F6}.MonoGame|Mixed Platforms.ActiveCfg = Release|Any CPU
		{7C2C5007-5B96-41E4-8FA0-F709BBBB96F6}.MonoGame|Mixed Platforms.Build.0 = Release|Any CPU
		{7C2C5007-5B96-41E4-8FA0-F709BBBB96F6}.MonoGame|x86.ActiveCfg = Release|Any CPU
		{7C2C5007-5B96-41E4-8FA0-F709BBBB96F6}.Release|Any CPU.ActiveCfg = Release|Any CPU
		{7C2C5007-5B96-41E4-8FA0-F709BBBB96F6}.Release|Any CPU.Build.0 = Release|Any CPU
		{7C2C5007-5B96-41E4-8FA0-F709BBBB96F6}.Release|Mixed Platforms.ActiveCfg = Release|Any CPU
		{7C2C5007-5B96-41E4-8FA0-F709BBBB96F6}.Release|Mixed Platforms.Build.0 = Release|Any CPU
		{7C2C5007-5B96-41E4-8FA0-F709BBBB96F6}.Release|x86.ActiveCfg = Release|Any CPU
		{DEB0F523-2C6C-46C1-8016-612A4691C500}.Debug|Any CPU.ActiveCfg = Debug|Any CPU
		{DEB0F523-2C6C-46C1-8016-612A4691C500}.Debug|Any CPU.Build.0 = Debug|Any CPU
		{DEB0F523-2C6C-46C1-8016-612A4691C500}.Debug|Mixed Platforms.ActiveCfg = Debug|Any CPU
		{DEB0F523-2C6C-46C1-8016-612A4691C500}.Debug|Mixed Platforms.Build.0 = Debug|Any CPU
		{DEB0F523-2C6C-46C1-8016-612A4691C500}.Debug|x86.ActiveCfg = Debug|Any CPU
		{DEB0F523-2C6C-46C1-8016-612A4691C500}.DontCompile|Any CPU.ActiveCfg = Debug|Any CPU
		{DEB0F523-2C6C-46C1-8016-612A4691C500}.DontCompile|Any CPU.Build.0 = Debug|Any CPU
		{DEB0F523-2C6C-46C1-8016-612A4691C500}.DontCompile|Mixed Platforms.ActiveCfg = Debug|Any CPU
		{DEB0F523-2C6C-46C1-8016-612A4691C500}.DontCompile|Mixed Platforms.Build.0 = Debug|Any CPU
		{DEB0F523-2C6C-46C1-8016-612A4691C500}.DontCompile|x86.ActiveCfg = Debug|Any CPU
		{DEB0F523-2C6C-46C1-8016-612A4691C500}.MonoGame Engine Testing|Any CPU.ActiveCfg = MonoGame Engine Testing|Any CPU
		{DEB0F523-2C6C-46C1-8016-612A4691C500}.MonoGame Engine Testing|Any CPU.Build.0 = MonoGame Engine Testing|Any CPU
		{DEB0F523-2C6C-46C1-8016-612A4691C500}.MonoGame Engine Testing|Mixed Platforms.ActiveCfg = MonoGame Engine Testing|Any CPU
		{DEB0F523-2C6C-46C1-8016-612A4691C500}.MonoGame Engine Testing|Mixed Platforms.Build.0 = MonoGame Engine Testing|Any CPU
		{DEB0F523-2C6C-46C1-8016-612A4691C500}.MonoGame Engine Testing|x86.ActiveCfg = MonoGame Engine Testing|Any CPU
		{DEB0F523-2C6C-46C1-8016-612A4691C500}.MonoGame|Any CPU.ActiveCfg = Release|Any CPU
		{DEB0F523-2C6C-46C1-8016-612A4691C500}.MonoGame|Any CPU.Build.0 = Release|Any CPU
		{DEB0F523-2C6C-46C1-8016-612A4691C500}.MonoGame|Mixed Platforms.ActiveCfg = Release|Any CPU
		{DEB0F523-2C6C-46C1-8016-612A4691C500}.MonoGame|Mixed Platforms.Build.0 = Release|Any CPU
		{DEB0F523-2C6C-46C1-8016-612A4691C500}.MonoGame|x86.ActiveCfg = Release|Any CPU
		{DEB0F523-2C6C-46C1-8016-612A4691C500}.Release|Any CPU.ActiveCfg = Release|Any CPU
		{DEB0F523-2C6C-46C1-8016-612A4691C500}.Release|Any CPU.Build.0 = Release|Any CPU
		{DEB0F523-2C6C-46C1-8016-612A4691C500}.Release|Mixed Platforms.ActiveCfg = Release|Any CPU
		{DEB0F523-2C6C-46C1-8016-612A4691C500}.Release|Mixed Platforms.Build.0 = Release|Any CPU
		{DEB0F523-2C6C-46C1-8016-612A4691C500}.Release|x86.ActiveCfg = Release|Any CPU
		{14B0D0C3-15A5-4B54-B1B7-DB5DBE8F9D6C}.Debug|Any CPU.ActiveCfg = Debug|Any CPU
		{14B0D0C3-15A5-4B54-B1B7-DB5DBE8F9D6C}.Debug|Any CPU.Build.0 = Debug|Any CPU
		{14B0D0C3-15A5-4B54-B1B7-DB5DBE8F9D6C}.Debug|Mixed Platforms.ActiveCfg = Debug|Any CPU
		{14B0D0C3-15A5-4B54-B1B7-DB5DBE8F9D6C}.Debug|Mixed Platforms.Build.0 = Debug|Any CPU
		{14B0D0C3-15A5-4B54-B1B7-DB5DBE8F9D6C}.Debug|x86.ActiveCfg = Debug|Any CPU
		{14B0D0C3-15A5-4B54-B1B7-DB5DBE8F9D6C}.DontCompile|Any CPU.ActiveCfg = Debug|Any CPU
		{14B0D0C3-15A5-4B54-B1B7-DB5DBE8F9D6C}.DontCompile|Any CPU.Build.0 = Debug|Any CPU
		{14B0D0C3-15A5-4B54-B1B7-DB5DBE8F9D6C}.DontCompile|Mixed Platforms.ActiveCfg = Debug|Any CPU
		{14B0D0C3-15A5-4B54-B1B7-DB5DBE8F9D6C}.DontCompile|Mixed Platforms.Build.0 = Debug|Any CPU
		{14B0D0C3-15A5-4B54-B1B7-DB5DBE8F9D6C}.DontCompile|x86.ActiveCfg = Debug|Any CPU
		{14B0D0C3-15A5-4B54-B1B7-DB5DBE8F9D6C}.MonoGame Engine Testing|Any CPU.ActiveCfg = MonoGame Engine Testing|Any CPU
		{14B0D0C3-15A5-4B54-B1B7-DB5DBE8F9D6C}.MonoGame Engine Testing|Any CPU.Build.0 = MonoGame Engine Testing|Any CPU
		{14B0D0C3-15A5-4B54-B1B7-DB5DBE8F9D6C}.MonoGame Engine Testing|Mixed Platforms.ActiveCfg = MonoGame Engine Testing|Any CPU
		{14B0D0C3-15A5-4B54-B1B7-DB5DBE8F9D6C}.MonoGame Engine Testing|Mixed Platforms.Build.0 = MonoGame Engine Testing|Any CPU
		{14B0D0C3-15A5-4B54-B1B7-DB5DBE8F9D6C}.MonoGame Engine Testing|x86.ActiveCfg = MonoGame Engine Testing|Any CPU
		{14B0D0C3-15A5-4B54-B1B7-DB5DBE8F9D6C}.MonoGame|Any CPU.ActiveCfg = Release|Any CPU
		{14B0D0C3-15A5-4B54-B1B7-DB5DBE8F9D6C}.MonoGame|Any CPU.Build.0 = Release|Any CPU
		{14B0D0C3-15A5-4B54-B1B7-DB5DBE8F9D6C}.MonoGame|Mixed Platforms.ActiveCfg = Release|Any CPU
		{14B0D0C3-15A5-4B54-B1B7-DB5DBE8F9D6C}.MonoGame|Mixed Platforms.Build.0 = Release|Any CPU
		{14B0D0C3-15A5-4B54-B1B7-DB5DBE8F9D6C}.MonoGame|x86.ActiveCfg = Release|Any CPU
		{14B0D0C3-15A5-4B54-B1B7-DB5DBE8F9D6C}.Release|Any CPU.ActiveCfg = Release|Any CPU
		{14B0D0C3-15A5-4B54-B1B7-DB5DBE8F9D6C}.Release|Any CPU.Build.0 = Release|Any CPU
		{14B0D0C3-15A5-4B54-B1B7-DB5DBE8F9D6C}.Release|Mixed Platforms.ActiveCfg = Release|Any CPU
		{14B0D0C3-15A5-4B54-B1B7-DB5DBE8F9D6C}.Release|Mixed Platforms.Build.0 = Release|Any CPU
		{14B0D0C3-15A5-4B54-B1B7-DB5DBE8F9D6C}.Release|x86.ActiveCfg = Release|Any CPU
		{DBDEF41C-B0C4-44CA-8297-6F9C85F6231A}.Debug|Any CPU.ActiveCfg = Debug|Any CPU
		{DBDEF41C-B0C4-44CA-8297-6F9C85F6231A}.Debug|Any CPU.Build.0 = Debug|Any CPU
		{DBDEF41C-B0C4-44CA-8297-6F9C85F6231A}.Debug|Mixed Platforms.ActiveCfg = Debug|Any CPU
		{DBDEF41C-B0C4-44CA-8297-6F9C85F6231A}.Debug|Mixed Platforms.Build.0 = Debug|Any CPU
		{DBDEF41C-B0C4-44CA-8297-6F9C85F6231A}.Debug|x86.ActiveCfg = Debug|Any CPU
		{DBDEF41C-B0C4-44CA-8297-6F9C85F6231A}.DontCompile|Any CPU.ActiveCfg = Debug|Any CPU
		{DBDEF41C-B0C4-44CA-8297-6F9C85F6231A}.DontCompile|Any CPU.Build.0 = Debug|Any CPU
		{DBDEF41C-B0C4-44CA-8297-6F9C85F6231A}.DontCompile|Mixed Platforms.ActiveCfg = Debug|Any CPU
		{DBDEF41C-B0C4-44CA-8297-6F9C85F6231A}.DontCompile|Mixed Platforms.Build.0 = Debug|Any CPU
		{DBDEF41C-B0C4-44CA-8297-6F9C85F6231A}.DontCompile|x86.ActiveCfg = Debug|Any CPU
		{DBDEF41C-B0C4-44CA-8297-6F9C85F6231A}.MonoGame Engine Testing|Any CPU.ActiveCfg = MonoGame Engine Testing|Any CPU
		{DBDEF41C-B0C4-44CA-8297-6F9C85F6231A}.MonoGame Engine Testing|Any CPU.Build.0 = MonoGame Engine Testing|Any CPU
		{DBDEF41C-B0C4-44CA-8297-6F9C85F6231A}.MonoGame Engine Testing|Mixed Platforms.ActiveCfg = MonoGame Engine Testing|Any CPU
		{DBDEF41C-B0C4-44CA-8297-6F9C85F6231A}.MonoGame Engine Testing|Mixed Platforms.Build.0 = MonoGame Engine Testing|Any CPU
		{DBDEF41C-B0C4-44CA-8297-6F9C85F6231A}.MonoGame Engine Testing|x86.ActiveCfg = MonoGame Engine Testing|Any CPU
		{DBDEF41C-B0C4-44CA-8297-6F9C85F6231A}.MonoGame|Any CPU.ActiveCfg = MonoGame|Any CPU
		{DBDEF41C-B0C4-44CA-8297-6F9C85F6231A}.MonoGame|Any CPU.Build.0 = MonoGame|Any CPU
		{DBDEF41C-B0C4-44CA-8297-6F9C85F6231A}.MonoGame|Mixed Platforms.ActiveCfg = MonoGame|Any CPU
		{DBDEF41C-B0C4-44CA-8297-6F9C85F6231A}.MonoGame|Mixed Platforms.Build.0 = MonoGame|Any CPU
		{DBDEF41C-B0C4-44CA-8297-6F9C85F6231A}.MonoGame|x86.ActiveCfg = MonoGame|Any CPU
		{DBDEF41C-B0C4-44CA-8297-6F9C85F6231A}.Release|Any CPU.ActiveCfg = Release|Any CPU
		{DBDEF41C-B0C4-44CA-8297-6F9C85F6231A}.Release|Any CPU.Build.0 = Release|Any CPU
		{DBDEF41C-B0C4-44CA-8297-6F9C85F6231A}.Release|Mixed Platforms.ActiveCfg = Release|Any CPU
		{DBDEF41C-B0C4-44CA-8297-6F9C85F6231A}.Release|Mixed Platforms.Build.0 = Release|Any CPU
		{DBDEF41C-B0C4-44CA-8297-6F9C85F6231A}.Release|x86.ActiveCfg = Release|Any CPU
		{F4B1BB04-A2BA-4100-8706-A9A10BA04144}.Debug|Any CPU.ActiveCfg = Debug|Any CPU
		{F4B1BB04-A2BA-4100-8706-A9A10BA04144}.Debug|Any CPU.Build.0 = Debug|Any CPU
		{F4B1BB04-A2BA-4100-8706-A9A10BA04144}.Debug|Mixed Platforms.ActiveCfg = Debug|Any CPU
		{F4B1BB04-A2BA-4100-8706-A9A10BA04144}.Debug|Mixed Platforms.Build.0 = Debug|Any CPU
		{F4B1BB04-A2BA-4100-8706-A9A10BA04144}.Debug|x86.ActiveCfg = Debug|Any CPU
		{F4B1BB04-A2BA-4100-8706-A9A10BA04144}.DontCompile|Any CPU.ActiveCfg = Debug|Any CPU
		{F4B1BB04-A2BA-4100-8706-A9A10BA04144}.DontCompile|Any CPU.Build.0 = Debug|Any CPU
		{F4B1BB04-A2BA-4100-8706-A9A10BA04144}.DontCompile|Mixed Platforms.ActiveCfg = Debug|Any CPU
		{F4B1BB04-A2BA-4100-8706-A9A10BA04144}.DontCompile|Mixed Platforms.Build.0 = Debug|Any CPU
		{F4B1BB04-A2BA-4100-8706-A9A10BA04144}.DontCompile|x86.ActiveCfg = Debug|Any CPU
		{F4B1BB04-A2BA-4100-8706-A9A10BA04144}.MonoGame Engine Testing|Any CPU.ActiveCfg = Release|Any CPU
		{F4B1BB04-A2BA-4100-8706-A9A10BA04144}.MonoGame Engine Testing|Any CPU.Build.0 = Release|Any CPU
		{F4B1BB04-A2BA-4100-8706-A9A10BA04144}.MonoGame Engine Testing|Mixed Platforms.ActiveCfg = Release|Any CPU
		{F4B1BB04-A2BA-4100-8706-A9A10BA04144}.MonoGame Engine Testing|Mixed Platforms.Build.0 = Release|Any CPU
		{F4B1BB04-A2BA-4100-8706-A9A10BA04144}.MonoGame Engine Testing|x86.ActiveCfg = Release|Any CPU
		{F4B1BB04-A2BA-4100-8706-A9A10BA04144}.MonoGame|Any CPU.ActiveCfg = Release|Any CPU
		{F4B1BB04-A2BA-4100-8706-A9A10BA04144}.MonoGame|Any CPU.Build.0 = Release|Any CPU
		{F4B1BB04-A2BA-4100-8706-A9A10BA04144}.MonoGame|Mixed Platforms.ActiveCfg = Release|Any CPU
		{F4B1BB04-A2BA-4100-8706-A9A10BA04144}.MonoGame|Mixed Platforms.Build.0 = Release|Any CPU
		{F4B1BB04-A2BA-4100-8706-A9A10BA04144}.MonoGame|x86.ActiveCfg = Release|Any CPU
		{F4B1BB04-A2BA-4100-8706-A9A10BA04144}.Release|Any CPU.ActiveCfg = Release|Any CPU
		{F4B1BB04-A2BA-4100-8706-A9A10BA04144}.Release|Any CPU.Build.0 = Release|Any CPU
		{F4B1BB04-A2BA-4100-8706-A9A10BA04144}.Release|Mixed Platforms.ActiveCfg = Release|Any CPU
		{F4B1BB04-A2BA-4100-8706-A9A10BA04144}.Release|Mixed Platforms.Build.0 = Release|Any CPU
		{F4B1BB04-A2BA-4100-8706-A9A10BA04144}.Release|x86.ActiveCfg = Release|Any CPU
		{AE483C29-042E-4226-BA52-D247CE7676DA}.Debug|Any CPU.ActiveCfg = Debug|Any CPU
		{AE483C29-042E-4226-BA52-D247CE7676DA}.Debug|Any CPU.Build.0 = Debug|Any CPU
		{AE483C29-042E-4226-BA52-D247CE7676DA}.Debug|Mixed Platforms.ActiveCfg = Debug|Any CPU
		{AE483C29-042E-4226-BA52-D247CE7676DA}.Debug|Mixed Platforms.Build.0 = Debug|Any CPU
		{AE483C29-042E-4226-BA52-D247CE7676DA}.Debug|x86.ActiveCfg = Debug|Any CPU
		{AE483C29-042E-4226-BA52-D247CE7676DA}.DontCompile|Any CPU.ActiveCfg = Debug|Any CPU
		{AE483C29-042E-4226-BA52-D247CE7676DA}.DontCompile|Any CPU.Build.0 = Debug|Any CPU
		{AE483C29-042E-4226-BA52-D247CE7676DA}.DontCompile|Mixed Platforms.ActiveCfg = Debug|Any CPU
		{AE483C29-042E-4226-BA52-D247CE7676DA}.DontCompile|Mixed Platforms.Build.0 = Debug|Any CPU
		{AE483C29-042E-4226-BA52-D247CE7676DA}.DontCompile|x86.ActiveCfg = Debug|Any CPU
		{AE483C29-042E-4226-BA52-D247CE7676DA}.MonoGame Engine Testing|Any CPU.ActiveCfg = Release|Any CPU
		{AE483C29-042E-4226-BA52-D247CE7676DA}.MonoGame Engine Testing|Any CPU.Build.0 = Release|Any CPU
		{AE483C29-042E-4226-BA52-D247CE7676DA}.MonoGame Engine Testing|Mixed Platforms.ActiveCfg = Release|Any CPU
		{AE483C29-042E-4226-BA52-D247CE7676DA}.MonoGame Engine Testing|Mixed Platforms.Build.0 = Release|Any CPU
		{AE483C29-042E-4226-BA52-D247CE7676DA}.MonoGame Engine Testing|x86.ActiveCfg = Release|Any CPU
		{AE483C29-042E-4226-BA52-D247CE7676DA}.MonoGame|Any CPU.ActiveCfg = Release|Any CPU
		{AE483C29-042E-4226-BA52-D247CE7676DA}.MonoGame|Any CPU.Build.0 = Release|Any CPU
		{AE483C29-042E-4226-BA52-D247CE7676DA}.MonoGame|Mixed Platforms.ActiveCfg = Release|Any CPU
		{AE483C29-042E-4226-BA52-D247CE7676DA}.MonoGame|Mixed Platforms.Build.0 = Release|Any CPU
		{AE483C29-042E-4226-BA52-D247CE7676DA}.MonoGame|x86.ActiveCfg = Release|Any CPU
		{AE483C29-042E-4226-BA52-D247CE7676DA}.Release|Any CPU.ActiveCfg = Release|Any CPU
		{AE483C29-042E-4226-BA52-D247CE7676DA}.Release|Any CPU.Build.0 = Release|Any CPU
		{AE483C29-042E-4226-BA52-D247CE7676DA}.Release|Mixed Platforms.ActiveCfg = Release|Any CPU
		{AE483C29-042E-4226-BA52-D247CE7676DA}.Release|Mixed Platforms.Build.0 = Release|Any CPU
		{AE483C29-042E-4226-BA52-D247CE7676DA}.Release|x86.ActiveCfg = Release|Any CPU
		{6D6009F4-0AFB-4806-89D7-7945F20270F5}.Debug|Any CPU.ActiveCfg = Debug|Any CPU
		{6D6009F4-0AFB-4806-89D7-7945F20270F5}.Debug|Any CPU.Build.0 = Debug|Any CPU
		{6D6009F4-0AFB-4806-89D7-7945F20270F5}.Debug|Mixed Platforms.ActiveCfg = Debug|Any CPU
		{6D6009F4-0AFB-4806-89D7-7945F20270F5}.Debug|Mixed Platforms.Build.0 = Debug|Any CPU
		{6D6009F4-0AFB-4806-89D7-7945F20270F5}.Debug|x86.ActiveCfg = Debug|Any CPU
		{6D6009F4-0AFB-4806-89D7-7945F20270F5}.DontCompile|Any CPU.ActiveCfg = Debug|Any CPU
		{6D6009F4-0AFB-4806-89D7-7945F20270F5}.DontCompile|Any CPU.Build.0 = Debug|Any CPU
		{6D6009F4-0AFB-4806-89D7-7945F20270F5}.DontCompile|Mixed Platforms.ActiveCfg = Debug|Any CPU
		{6D6009F4-0AFB-4806-89D7-7945F20270F5}.DontCompile|Mixed Platforms.Build.0 = Debug|Any CPU
		{6D6009F4-0AFB-4806-89D7-7945F20270F5}.DontCompile|x86.ActiveCfg = Debug|Any CPU
		{6D6009F4-0AFB-4806-89D7-7945F20270F5}.MonoGame Engine Testing|Any CPU.ActiveCfg = Release|Any CPU
		{6D6009F4-0AFB-4806-89D7-7945F20270F5}.MonoGame Engine Testing|Any CPU.Build.0 = Release|Any CPU
		{6D6009F4-0AFB-4806-89D7-7945F20270F5}.MonoGame Engine Testing|Mixed Platforms.ActiveCfg = Release|Any CPU
		{6D6009F4-0AFB-4806-89D7-7945F20270F5}.MonoGame Engine Testing|Mixed Platforms.Build.0 = Release|Any CPU
		{6D6009F4-0AFB-4806-89D7-7945F20270F5}.MonoGame Engine Testing|x86.ActiveCfg = Release|Any CPU
		{6D6009F4-0AFB-4806-89D7-7945F20270F5}.MonoGame|Any CPU.ActiveCfg = Release|Any CPU
		{6D6009F4-0AFB-4806-89D7-7945F20270F5}.MonoGame|Any CPU.Build.0 = Release|Any CPU
		{6D6009F4-0AFB-4806-89D7-7945F20270F5}.MonoGame|Mixed Platforms.ActiveCfg = Release|Any CPU
		{6D6009F4-0AFB-4806-89D7-7945F20270F5}.MonoGame|Mixed Platforms.Build.0 = Release|Any CPU
		{6D6009F4-0AFB-4806-89D7-7945F20270F5}.MonoGame|x86.ActiveCfg = Release|Any CPU
		{6D6009F4-0AFB-4806-89D7-7945F20270F5}.Release|Any CPU.ActiveCfg = Release|Any CPU
		{6D6009F4-0AFB-4806-89D7-7945F20270F5}.Release|Any CPU.Build.0 = Release|Any CPU
		{6D6009F4-0AFB-4806-89D7-7945F20270F5}.Release|Mixed Platforms.ActiveCfg = Release|Any CPU
		{6D6009F4-0AFB-4806-89D7-7945F20270F5}.Release|Mixed Platforms.Build.0 = Release|Any CPU
		{6D6009F4-0AFB-4806-89D7-7945F20270F5}.Release|x86.ActiveCfg = Release|Any CPU
		{6D75E618-19CA-4C51-9546-F10965FBC0B8}.Debug|Any CPU.ActiveCfg = Debug|Any CPU
		{6D75E618-19CA-4C51-9546-F10965FBC0B8}.Debug|Any CPU.Build.0 = Debug|Any CPU
		{6D75E618-19CA-4C51-9546-F10965FBC0B8}.Debug|Mixed Platforms.ActiveCfg = Debug|Any CPU
		{6D75E618-19CA-4C51-9546-F10965FBC0B8}.Debug|Mixed Platforms.Build.0 = Debug|Any CPU
		{6D75E618-19CA-4C51-9546-F10965FBC0B8}.Debug|x86.ActiveCfg = Debug|Any CPU
		{6D75E618-19CA-4C51-9546-F10965FBC0B8}.DontCompile|Any CPU.ActiveCfg = Debug|Any CPU
		{6D75E618-19CA-4C51-9546-F10965FBC0B8}.DontCompile|Any CPU.Build.0 = Debug|Any CPU
		{6D75E618-19CA-4C51-9546-F10965FBC0B8}.DontCompile|Mixed Platforms.ActiveCfg = Debug|Any CPU
		{6D75E618-19CA-4C51-9546-F10965FBC0B8}.DontCompile|Mixed Platforms.Build.0 = Debug|Any CPU
		{6D75E618-19CA-4C51-9546-F10965FBC0B8}.DontCompile|x86.ActiveCfg = Debug|Any CPU
		{6D75E618-19CA-4C51-9546-F10965FBC0B8}.MonoGame Engine Testing|Any CPU.ActiveCfg = Release|Any CPU
		{6D75E618-19CA-4C51-9546-F10965FBC0B8}.MonoGame Engine Testing|Any CPU.Build.0 = Release|Any CPU
		{6D75E618-19CA-4C51-9546-F10965FBC0B8}.MonoGame Engine Testing|Mixed Platforms.ActiveCfg = Release|Any CPU
		{6D75E618-19CA-4C51-9546-F10965FBC0B8}.MonoGame Engine Testing|Mixed Platforms.Build.0 = Release|Any CPU
		{6D75E618-19CA-4C51-9546-F10965FBC0B8}.MonoGame Engine Testing|x86.ActiveCfg = Release|Any CPU
		{6D75E618-19CA-4C51-9546-F10965FBC0B8}.MonoGame|Any CPU.ActiveCfg = Release|Any CPU
		{6D75E618-19CA-4C51-9546-F10965FBC0B8}.MonoGame|Any CPU.Build.0 = Release|Any CPU
		{6D75E618-19CA-4C51-9546-F10965FBC0B8}.MonoGame|Mixed Platforms.ActiveCfg = Release|Any CPU
		{6D75E618-19CA-4C51-9546-F10965FBC0B8}.MonoGame|Mixed Platforms.Build.0 = Release|Any CPU
		{6D75E618-19CA-4C51-9546-F10965FBC0B8}.MonoGame|x86.ActiveCfg = Release|Any CPU
		{6D75E618-19CA-4C51-9546-F10965FBC0B8}.Release|Any CPU.ActiveCfg = Release|Any CPU
		{6D75E618-19CA-4C51-9546-F10965FBC0B8}.Release|Any CPU.Build.0 = Release|Any CPU
		{6D75E618-19CA-4C51-9546-F10965FBC0B8}.Release|Mixed Platforms.ActiveCfg = Release|Any CPU
		{6D75E618-19CA-4C51-9546-F10965FBC0B8}.Release|Mixed Platforms.Build.0 = Release|Any CPU
		{6D75E618-19CA-4C51-9546-F10965FBC0B8}.Release|x86.ActiveCfg = Release|Any CPU
	EndGlobalSection
	GlobalSection(SolutionProperties) = preSolution
		HideSolutionNode = FALSE
	EndGlobalSection
	GlobalSection(NestedProjects) = preSolution
		{6A046817-9F14-4781-97C9-F89FEBC2097B} = {07FF9397-3878-4A56-85AC-A276A015CB7D}
		{425A4B94-31DF-4569-B68C-EDEAF82163A7} = {07FF9397-3878-4A56-85AC-A276A015CB7D}
		{39D005F7-F334-470D-A660-A2A7DA65C456} = {07FF9397-3878-4A56-85AC-A276A015CB7D}
		{1E54EF79-BE13-4B23-B0CC-890211933B80} = {1D51663B-E4F6-4AD5-BDE7-8A852D7A0058}
		{87DAA81E-0342-4969-B99F-FBB60914B1A5} = {07FF9397-3878-4A56-85AC-A276A015CB7D}
		{7C2C5007-5B96-41E4-8FA0-F709BBBB96F6} = {F96C9A62-F21E-4C9D-9E0E-12C9BA8C5325}
		{F96C9A62-F21E-4C9D-9E0E-12C9BA8C5325} = {901B2862-03A6-4836-989E-E0498632DC1C}
		{DEB0F523-2C6C-46C1-8016-612A4691C500} = {6BF4A17C-CD9B-4118-86DF-209362E22EEF}
		{14B0D0C3-15A5-4B54-B1B7-DB5DBE8F9D6C} = {F96C9A62-F21E-4C9D-9E0E-12C9BA8C5325}
		{1D51663B-E4F6-4AD5-BDE7-8A852D7A0058} = {901B2862-03A6-4836-989E-E0498632DC1C}
		{6BF4A17C-CD9B-4118-86DF-209362E22EEF} = {901B2862-03A6-4836-989E-E0498632DC1C}
		{DBDEF41C-B0C4-44CA-8297-6F9C85F6231A} = {07FF9397-3878-4A56-85AC-A276A015CB7D}
		{F4B1BB04-A2BA-4100-8706-A9A10BA04144} = {07FF9397-3878-4A56-85AC-A276A015CB7D}
		{AE483C29-042E-4226-BA52-D247CE7676DA} = {20043501-EFF5-4AA6-9510-CC1A3C63F6AC}
		{6D6009F4-0AFB-4806-89D7-7945F20270F5} = {20043501-EFF5-4AA6-9510-CC1A3C63F6AC}
		{6D75E618-19CA-4C51-9546-F10965FBC0B8} = {20043501-EFF5-4AA6-9510-CC1A3C63F6AC}
	EndGlobalSection
EndGlobal
