
Microsoft Visual Studio Solution File, Format Version 12.00
# Visual Studio 2013
VisualStudioVersion = 12.0.31101.0
MinimumVisualStudioVersion = 10.0.40219.1
Project("{FAE04EC0-301F-11D3-BF4B-00C04F79EFBC}") = "MauronAlpha.TestCases.TextManipulation", "MauronAlpha.TestCases.TextManipulation.csproj", "{E93B9615-9E79-44F0-9A5E-83959C48FFB9}"
EndProject
Project("{FAE04EC0-301F-11D3-BF4B-00C04F79EFBC}") = "MauronAlpha", "..\MauronAlpha\MauronAlpha.csproj", "{6A046817-9F14-4781-97C9-F89FEBC2097B}"
EndProject
Project("{FAE04EC0-301F-11D3-BF4B-00C04F79EFBC}") = "MauronAlpha.TextProcessing", "..\MauronAlpha.TextProcessing\MauronAlpha.TextProcessing.csproj", "{DBDEF41C-B0C4-44CA-8297-6F9C85F6231A}"
EndProject
Global
	GlobalSection(SolutionConfigurationPlatforms) = preSolution
		Debug|Any CPU = Debug|Any CPU
		DontCompile|Any CPU = DontCompile|Any CPU
		MonoGame|Any CPU = MonoGame|Any CPU
		Release|Any CPU = Release|Any CPU
	EndGlobalSection
	GlobalSection(ProjectConfigurationPlatforms) = postSolution
		{E93B9615-9E79-44F0-9A5E-83959C48FFB9}.Debug|Any CPU.ActiveCfg = Debug|Any CPU
		{E93B9615-9E79-44F0-9A5E-83959C48FFB9}.Debug|Any CPU.Build.0 = Debug|Any CPU
		{E93B9615-9E79-44F0-9A5E-83959C48FFB9}.DontCompile|Any CPU.ActiveCfg = Debug|Any CPU
		{E93B9615-9E79-44F0-9A5E-83959C48FFB9}.DontCompile|Any CPU.Build.0 = Debug|Any CPU
		{E93B9615-9E79-44F0-9A5E-83959C48FFB9}.MonoGame|Any CPU.ActiveCfg = Release|Any CPU
		{E93B9615-9E79-44F0-9A5E-83959C48FFB9}.MonoGame|Any CPU.Build.0 = Release|Any CPU
		{E93B9615-9E79-44F0-9A5E-83959C48FFB9}.Release|Any CPU.ActiveCfg = Release|Any CPU
		{E93B9615-9E79-44F0-9A5E-83959C48FFB9}.Release|Any CPU.Build.0 = Release|Any CPU
		{6A046817-9F14-4781-97C9-F89FEBC2097B}.Debug|Any CPU.ActiveCfg = Debug|Any CPU
		{6A046817-9F14-4781-97C9-F89FEBC2097B}.Debug|Any CPU.Build.0 = Debug|Any CPU
		{6A046817-9F14-4781-97C9-F89FEBC2097B}.DontCompile|Any CPU.ActiveCfg = DontCompile|Any CPU
		{6A046817-9F14-4781-97C9-F89FEBC2097B}.DontCompile|Any CPU.Build.0 = DontCompile|Any CPU
		{6A046817-9F14-4781-97C9-F89FEBC2097B}.MonoGame|Any CPU.ActiveCfg = MonoGame|Any CPU
		{6A046817-9F14-4781-97C9-F89FEBC2097B}.MonoGame|Any CPU.Build.0 = MonoGame|Any CPU
		{6A046817-9F14-4781-97C9-F89FEBC2097B}.Release|Any CPU.ActiveCfg = Release|Any CPU
		{6A046817-9F14-4781-97C9-F89FEBC2097B}.Release|Any CPU.Build.0 = Release|Any CPU
		{DBDEF41C-B0C4-44CA-8297-6F9C85F6231A}.Debug|Any CPU.ActiveCfg = Debug|Any CPU
		{DBDEF41C-B0C4-44CA-8297-6F9C85F6231A}.Debug|Any CPU.Build.0 = Debug|Any CPU
		{DBDEF41C-B0C4-44CA-8297-6F9C85F6231A}.DontCompile|Any CPU.ActiveCfg = Debug|Any CPU
		{DBDEF41C-B0C4-44CA-8297-6F9C85F6231A}.DontCompile|Any CPU.Build.0 = Debug|Any CPU
		{DBDEF41C-B0C4-44CA-8297-6F9C85F6231A}.MonoGame|Any CPU.ActiveCfg = MonoGame|Any CPU
		{DBDEF41C-B0C4-44CA-8297-6F9C85F6231A}.MonoGame|Any CPU.Build.0 = MonoGame|Any CPU
		{DBDEF41C-B0C4-44CA-8297-6F9C85F6231A}.Release|Any CPU.ActiveCfg = Release|Any CPU
		{DBDEF41C-B0C4-44CA-8297-6F9C85F6231A}.Release|Any CPU.Build.0 = Release|Any CPU
	EndGlobalSection
	GlobalSection(SolutionProperties) = preSolution
		HideSolutionNode = FALSE
	EndGlobalSection
EndGlobal
