
Microsoft Visual Studio Solution File, Format Version 11.00
# Visual Studio 2010
Project("{FAE04EC0-301F-11D3-BF4B-00C04F79EFBC}") = "MauronAlpha.ServiceProcess.Windows7", "MauronAlpha.ServiceProcess.Windows7\MauronAlpha.ServiceProcess.Windows7.csproj", "{344EC0D6-67D1-402F-9E94-3CD720C30757}"
EndProject
Global
	GlobalSection(SolutionConfigurationPlatforms) = preSolution
		Debug|x86 = Debug|x86
		Release|x86 = Release|x86
	EndGlobalSection
	GlobalSection(ProjectConfigurationPlatforms) = postSolution
		{344EC0D6-67D1-402F-9E94-3CD720C30757}.Debug|x86.ActiveCfg = Debug|x86
		{344EC0D6-67D1-402F-9E94-3CD720C30757}.Debug|x86.Build.0 = Debug|x86
		{344EC0D6-67D1-402F-9E94-3CD720C30757}.Release|x86.ActiveCfg = Release|x86
		{344EC0D6-67D1-402F-9E94-3CD720C30757}.Release|x86.Build.0 = Release|x86
	EndGlobalSection
	GlobalSection(SolutionProperties) = preSolution
		HideSolutionNode = FALSE
	EndGlobalSection
EndGlobal
